// !$*UTF8*$!
{
	archiveVersion = 1;
	classes = {
	};
	objectVersion = 54;
	objects = {

/* Begin PBXAggregateTarget section */
		42BC39BDE240DFF12C5A56DE /* ZERO_CHECK */ = {
			isa = PBXAggregateTarget;
			buildConfigurationList = FC40ECA559DB4AFBB6DB067D /* Build configuration list for PBXAggregateTarget "ZERO_CHECK" */;
			buildPhases = (
				F8FED941F7682D2526D3075E /* Generate CMakeFiles/ZERO_CHECK */,
			);
			dependencies = (
			);
			name = ZERO_CHECK;
			productName = ZERO_CHECK;
		};
		4744A32384E4218747EEFD39 /* ALL_BUILD */ = {
			isa = PBXAggregateTarget;
			buildConfigurationList = 6859F224C8504CE3A3A74C89 /* Build configuration list for PBXAggregateTarget "ALL_BUILD" */;
			buildPhases = (
				AD6E3E9877489E068D5BBBD3 /* Generate CMakeFiles/ALL_BUILD */,
			);
			dependencies = (
				C9EF99B417D547C4B1B6D4C4 /* PBXTargetDependency */,
				2458065B9E6E4A8C93C517AA /* PBXTargetDependency */,
			);
			name = ALL_BUILD;
			productName = ALL_BUILD;
		};
/* End PBXAggregateTarget section */

/* Begin PBXBuildFile section */
		11758526CF4F4940B4BBAF54 /* Morte.cpp in Sources */ = {isa = PBXBuildFile; fileRef = 0AD5549CE87E4626B7977457 /* Morte.cpp */; };
		235DBF7A25714BEB9F370986 /* FasePrimeira.cpp in Sources */ = {isa = PBXBuildFile; fileRef = 38792243257B4FB1A6567618 /* FasePrimeira.cpp */; };
		316A729E432F40A896DA46DC /* Jogo.cpp in Sources */ = {isa = PBXBuildFile; fileRef = 5466CD9B6E9044C1B3C6B39C /* Jogo.cpp */; };
		3841D84FD2F648F48699508F /* ListaEntidades.cpp in Sources */ = {isa = PBXBuildFile; fileRef = A33D106E2FBB46BEA5838033 /* ListaEntidades.cpp */; };
		5B2245E5D613450DB7F9AA43 /* SingleFrameAnimation.cpp in Sources */ = {isa = PBXBuildFile; fileRef = 22DCE93E42254A03B69B4A0F /* SingleFrameAnimation.cpp */; };
		5D9DCC503F524DC0B804DD62 /* main.cpp in Sources */ = {isa = PBXBuildFile; fileRef = CDF0C38840BB49F0BB55A938 /* main.cpp */; };
		5EEAE89FDD6C43A9AA0DD302 /* Demonio.cpp in Sources */ = {isa = PBXBuildFile; fileRef = 0C78C3AED51949F785503612 /* Demonio.cpp */; };
		61E6129B972440DDA7D8AD45 /* Limites.cpp in Sources */ = {isa = PBXBuildFile; fileRef = FBDC82BF464D421F91E96844 /* Limites.cpp */; };
		7BFD44E53ABA47F1AE35D739 /* Inimigo.cpp in Sources */ = {isa = PBXBuildFile; fileRef = 71A8BF432DB440078B8C2C4A /* Inimigo.cpp */; };
		7CC11F671CD241F1BB53C146 /* Entidade.cpp in Sources */ = {isa = PBXBuildFile; fileRef = A7EF6B2357964F5C8CE78562 /* Entidade.cpp */; };
		888C0F44FDA443C099116B5B /* Animation.cpp in Sources */ = {isa = PBXBuildFile; fileRef = AD64BDA42F944E6086A23DCB /* Animation.cpp */; };
		90DF22416E41487AB1836B8D /* GerenciadorColisoes.cpp in Sources */ = {isa = PBXBuildFile; fileRef = 0DB2439CE0704CE486A1176D /* GerenciadorColisoes.cpp */; };
		A644DDC89A334BA3B8410A26 /* Fase.cpp in Sources */ = {isa = PBXBuildFile; fileRef = C4E5D9F71F314604B966DB61 /* Fase.cpp */; };
		A71747AD38524BAFA6450829 /* Projetil.cpp in Sources */ = {isa = PBXBuildFile; fileRef = 19E1BCB2480140DE893B74C8 /* Projetil.cpp */; };
		BB3F7E87555849309BD353AE /* Jogador.cpp in Sources */ = {isa = PBXBuildFile; fileRef = 16F52B0800274198A656DD0A /* Jogador.cpp */; };
		C2F10255E5A8468CBBAFFC26 /* Ente.cpp in Sources */ = {isa = PBXBuildFile; fileRef = E407215D1BA84DEA86BCF912 /* Ente.cpp */; };
		CE74F929176A4A5A84BB77A8 /* GerenciadorGrafico.cpp in Sources */ = {isa = PBXBuildFile; fileRef = 2BB56F821074440AB80278C0 /* GerenciadorGrafico.cpp */; };
		D16727ACD28A4BF9BDF75B38 /* Plataforma.cpp in Sources */ = {isa = PBXBuildFile; fileRef = B797859B10F64729B74D1CD4 /* Plataforma.cpp */; };
		D8448B7878CA4653B99A610B /* Obstaculo.cpp in Sources */ = {isa = PBXBuildFile; fileRef = 492CB7CCADE2445292C57020 /* Obstaculo.cpp */; };
		EDB003664C71451F86B3DC7B /* Arvore.cpp in Sources */ = {isa = PBXBuildFile; fileRef = 62EC3D723AE34B60993D50DC /* Arvore.cpp */; };
		F1B237862BFA460F83A1D344 /* Obst_Medio.cpp in Sources */ = {isa = PBXBuildFile; fileRef = 819F4440CB99460BAA1E8C05 /* Obst_Medio.cpp */; };
		F617D3AF55044C788920B5EB /* Personagem.cpp in Sources */ = {isa = PBXBuildFile; fileRef = 00C5444C3C27431E95BBC7B2 /* Personagem.cpp */; };
/* End PBXBuildFile section */

/* Begin PBXContainerItemProxy section */
		3ED6BECB92E84B8C84090F10 /* PBXContainerItemProxy */ = {
			isa = PBXContainerItemProxy;
			containerPortal = DCD4239BB9234156B168F419 /* Project object */;
			proxyType = 1;
			remoteGlobalIDString = 42BC39BDE240DFF12C5A56DE;
			remoteInfo = ZERO_CHECK;
		};
		EA34C5494B244C14947521C7 /* PBXContainerItemProxy */ = {
			isa = PBXContainerItemProxy;
			containerPortal = DCD4239BB9234156B168F419 /* Project object */;
			proxyType = 1;
			remoteGlobalIDString = 42BC39BDE240DFF12C5A56DE;
			remoteInfo = ZERO_CHECK;
		};
		FAA04ED70F764E5791501FFF /* PBXContainerItemProxy */ = {
			isa = PBXContainerItemProxy;
			containerPortal = DCD4239BB9234156B168F419 /* Project object */;
			proxyType = 1;
			remoteGlobalIDString = 09180B84A58F0F386124BCEE;
			remoteInfo = main;
		};
/* End PBXContainerItemProxy section */

/* Begin PBXFileReference section */
		00C5444C3C27431E95BBC7B2 /* Personagem.cpp */ = {isa = PBXFileReference; explicitFileType = sourcecode.cpp.cpp; fileEncoding = 4; name = Personagem.cpp; path = src/Personagem.cpp; sourceTree = SOURCE_ROOT; };
		01C5D354D7F54A3AB846FD41 /* inutilizado.png */ = {isa = PBXFileReference; fileEncoding = 4; lastKnownFileType = image; name = inutilizado.png; path = assets/Morte/inutilizado.png; sourceTree = SOURCE_ROOT; };
		02A8159AB3F94A6D8357A75B /* Jogador.hpp */ = {isa = PBXFileReference; explicitFileType = sourcecode.cpp.h; fileEncoding = 4; name = Jogador.hpp; path = include/Jogador.hpp; sourceTree = SOURCE_ROOT; };
		0AD5549CE87E4626B7977457 /* Morte.cpp */ = {isa = PBXFileReference; explicitFileType = sourcecode.cpp.cpp; fileEncoding = 4; name = Morte.cpp; path = src/Morte.cpp; sourceTree = SOURCE_ROOT; };
		0B72928D0C124861814C36C9 /* DEATH.png */ = {isa = PBXFileReference; fileEncoding = 4; lastKnownFileType = image; name = DEATH.png; path = assets/Knight/DEATH.png; sourceTree = SOURCE_ROOT; };
		0C78C3AED51949F785503612 /* Demonio.cpp */ = {isa = PBXFileReference; explicitFileType = sourcecode.cpp.cpp; fileEncoding = 4; name = Demonio.cpp; path = src/Demonio.cpp; sourceTree = SOURCE_ROOT; };
		0DB2439CE0704CE486A1176D /* GerenciadorColisoes.cpp */ = {isa = PBXFileReference; explicitFileType = sourcecode.cpp.cpp; fileEncoding = 4; name = GerenciadorColisoes.cpp; path = src/GerenciadorColisoes.cpp; sourceTree = SOURCE_ROOT; };
		0F7DA649A1E94E4884228F5B /* JUMP.png */ = {isa = PBXFileReference; fileEncoding = 4; lastKnownFileType = image; name = JUMP.png; path = assets/Knight2/JUMP.png; sourceTree = SOURCE_ROOT; };
		16F52B0800274198A656DD0A /* Jogador.cpp */ = {isa = PBXFileReference; explicitFileType = sourcecode.cpp.cpp; fileEncoding = 4; name = Jogador.cpp; path = src/Jogador.cpp; sourceTree = SOURCE_ROOT; };
		18C20792BFCC4F549CF65841 /* ATTACK 3.png */ = {isa = PBXFileReference; fileEncoding = 4; lastKnownFileType = image; name = "ATTACK 3.png"; path = "assets/Knight2/ATTACK 3.png"; sourceTree = SOURCE_ROOT; };
		19E1BCB2480140DE893B74C8 /* Projetil.cpp */ = {isa = PBXFileReference; explicitFileType = sourcecode.cpp.cpp; fileEncoding = 4; name = Projetil.cpp; path = src/Projetil.cpp; sourceTree = SOURCE_ROOT; };
		1CD03749610A48D5AB341489 /* Iprojetil.png */ = {isa = PBXFileReference; fileEncoding = 4; lastKnownFileType = image; name = Iprojetil.png; path = assets/Morte/Iprojetil.png; sourceTree = SOURCE_ROOT; };
		1CF0BB77A1AE4B858874F2D6 /* HURT.png */ = {isa = PBXFileReference; fileEncoding = 4; lastKnownFileType = image; name = HURT.png; path = assets/Demonio/HURT.png; sourceTree = SOURCE_ROOT; };
		21C0DE24A8D7402FA24AA608 /* ATTACK 3.png */ = {isa = PBXFileReference; fileEncoding = 4; lastKnownFileType = image; name = "ATTACK 3.png"; path = "assets/Knight/ATTACK 3.png"; sourceTree = SOURCE_ROOT; };
		22DCE93E42254A03B69B4A0F /* SingleFrameAnimation.cpp */ = {isa = PBXFileReference; explicitFileType = sourcecode.cpp.cpp; fileEncoding = 4; name = SingleFrameAnimation.cpp; path = src/SingleFrameAnimation.cpp; sourceTree = SOURCE_ROOT; };
		24AFE31615084D31B63E6E5B /* CMakeLists.txt */ = {isa = PBXFileReference; explicitFileType = sourcecode.text; fileEncoding = 4; lastKnownFileType = text; path = CMakeLists.txt; sourceTree = SOURCE_ROOT; };
		28CBB9247A8A498887B3B34E /* Ente.hpp */ = {isa = PBXFileReference; explicitFileType = sourcecode.cpp.h; fileEncoding = 4; name = Ente.hpp; path = include/Ente.hpp; sourceTree = SOURCE_ROOT; };
		294633FB74ED49579FF709C1 /* IDLE.png */ = {isa = PBXFileReference; fileEncoding = 4; lastKnownFileType = image; name = IDLE.png; path = assets/Knight2/IDLE.png; sourceTree = SOURCE_ROOT; };
		2BB56F821074440AB80278C0 /* GerenciadorGrafico.cpp */ = {isa = PBXFileReference; explicitFileType = sourcecode.cpp.cpp; fileEncoding = 4; name = GerenciadorGrafico.cpp; path = src/GerenciadorGrafico.cpp; sourceTree = SOURCE_ROOT; };
		2E2E32ABC8DB45D994CC6DDA /* Personagem.hpp */ = {isa = PBXFileReference; explicitFileType = sourcecode.cpp.h; fileEncoding = 4; name = Personagem.hpp; path = include/Personagem.hpp; sourceTree = SOURCE_ROOT; };
		342C3E17DBF545F983AF2BEF /* main */ = {isa = PBXFileReference; explicitFileType = "compiled.mach-o.executable"; path = main; sourceTree = BUILT_PRODUCTS_DIR; };
		346DFF48E2364080B1B3C2E5 /* HURT.png */ = {isa = PBXFileReference; fileEncoding = 4; lastKnownFileType = image; name = HURT.png; path = assets/Knight/HURT.png; sourceTree = SOURCE_ROOT; };
		358897C363784E9D80ABAB7D /* IDLE.png */ = {isa = PBXFileReference; fileEncoding = 4; lastKnownFileType = image; name = IDLE.png; path = assets/Morte/IDLE.png; sourceTree = SOURCE_ROOT; };
		385FE544ABD944E3A316F2F0 /* .DS_Store */ = {isa = PBXFileReference; explicitFileType = default; fileEncoding = 4; lastKnownFileType = file; name = .DS_Store; path = assets/.DS_Store; sourceTree = SOURCE_ROOT; };
		38792243257B4FB1A6567618 /* FasePrimeira.cpp */ = {isa = PBXFileReference; explicitFileType = sourcecode.cpp.cpp; fileEncoding = 4; name = FasePrimeira.cpp; path = src/FasePrimeira.cpp; sourceTree = SOURCE_ROOT; };
		3E3AE63F8C7C4597BD25E627 /* GerenciadorGrafico.hpp */ = {isa = PBXFileReference; explicitFileType = sourcecode.cpp.h; fileEncoding = 4; name = GerenciadorGrafico.hpp; path = include/GerenciadorGrafico.hpp; sourceTree = SOURCE_ROOT; };
		3E62E5E15E7B46BBBE661FB4 /* IDLE.png */ = {isa = PBXFileReference; fileEncoding = 4; lastKnownFileType = image; name = IDLE.png; path = assets/Demonio/IDLE.png; sourceTree = SOURCE_ROOT; };
		43AEC863DD1847B8BA241164 /* HURT.png */ = {isa = PBXFileReference; fileEncoding = 4; lastKnownFileType = image; name = HURT.png; path = assets/Arvore/HURT.png; sourceTree = SOURCE_ROOT; };
		492CB7CCADE2445292C57020 /* Obstaculo.cpp */ = {isa = PBXFileReference; explicitFileType = sourcecode.cpp.cpp; fileEncoding = 4; name = Obstaculo.cpp; path = src/Obstaculo.cpp; sourceTree = SOURCE_ROOT; };
		5297FA9646CA4422A5EED3BD /* death.png */ = {isa = PBXFileReference; fileEncoding = 4; lastKnownFileType = image; name = death.png; path = assets/Morte/death.png; sourceTree = SOURCE_ROOT; };
		5371E43812FC4FFC9A814E77 /* inutilizado2.png */ = {isa = PBXFileReference; fileEncoding = 4; lastKnownFileType = image; name = inutilizado2.png; path = assets/Morte/inutilizado2.png; sourceTree = SOURCE_ROOT; };
		53ACBCEC6D5041488927CE3D /* PROJETIL_SPAWN.png */ = {isa = PBXFileReference; fileEncoding = 4; lastKnownFileType = image; name = PROJETIL_SPAWN.png; path = assets/Morte/PROJETIL_SPAWN.png; sourceTree = SOURCE_ROOT; };
		543C1C8F114044FAB8136399 /* summon.png */ = {isa = PBXFileReference; fileEncoding = 4; lastKnownFileType = image; name = summon.png; path = assets/Morte/summon.png; sourceTree = SOURCE_ROOT; };
		5466CD9B6E9044C1B3C6B39C /* Jogo.cpp */ = {isa = PBXFileReference; explicitFileType = sourcecode.cpp.cpp; fileEncoding = 4; name = Jogo.cpp; path = src/Jogo.cpp; sourceTree = SOURCE_ROOT; };
		5A749788FFFE4F8D82B340AA /* RUN.png */ = {isa = PBXFileReference; fileEncoding = 4; lastKnownFileType = image; name = RUN.png; path = assets/Knight2/RUN.png; sourceTree = SOURCE_ROOT; };
		5D472CA9DFB9465F8483A424 /* JUMP.png */ = {isa = PBXFileReference; fileEncoding = 4; lastKnownFileType = image; name = JUMP.png; path = assets/Knight/JUMP.png; sourceTree = SOURCE_ROOT; };
		5DF01E10BBDC432FA5C67A77 /* ListTL.hpp */ = {isa = PBXFileReference; explicitFileType = sourcecode.cpp.h; fileEncoding = 4; name = ListTL.hpp; path = include/ListTL.hpp; sourceTree = SOURCE_ROOT; };
		604D0289AFF24AF5B5EE0120 /* ATTACK 2.png */ = {isa = PBXFileReference; fileEncoding = 4; lastKnownFileType = image; name = "ATTACK 2.png"; path = "assets/Knight/ATTACK 2.png"; sourceTree = SOURCE_ROOT; };
		623D5837648C405F8D564495 /* RUN - cópia.png */ = {isa = PBXFileReference; fileEncoding = 4; lastKnownFileType = image; name = "RUN - cópia.png"; path = "assets/Knight/RUN - cópia.png"; sourceTree = SOURCE_ROOT; };
		62EC3D723AE34B60993D50DC /* Arvore.cpp */ = {isa = PBXFileReference; explicitFileType = sourcecode.cpp.cpp; fileEncoding = 4; name = Arvore.cpp; path = src/Arvore.cpp; sourceTree = SOURCE_ROOT; };
		63E23AFA3D93409FAA1A71AB /* Animation.hpp */ = {isa = PBXFileReference; explicitFileType = sourcecode.cpp.h; fileEncoding = 4; name = Animation.hpp; path = include/Animation.hpp; sourceTree = SOURCE_ROOT; };
		6ADC52E0DC574C57B752A99F /* ATTACK 1.png */ = {isa = PBXFileReference; fileEncoding = 4; lastKnownFileType = image; name = "ATTACK 1.png"; path = "assets/Knight2/ATTACK 1.png"; sourceTree = SOURCE_ROOT; };
		6C837A64A7D74A7DA97727A2 /* RUN.png */ = {isa = PBXFileReference; fileEncoding = 4; lastKnownFileType = image; name = RUN.png; path = assets/Knight/RUN.png; sourceTree = SOURCE_ROOT; };
		71A8BF432DB440078B8C2C4A /* Inimigo.cpp */ = {isa = PBXFileReference; explicitFileType = sourcecode.cpp.cpp; fileEncoding = 4; name = Inimigo.cpp; path = src/Inimigo.cpp; sourceTree = SOURCE_ROOT; };
		75F431B2681F4F1EB65A1236 /* Entidade.hpp */ = {isa = PBXFileReference; explicitFileType = sourcecode.cpp.h; fileEncoding = 4; name = Entidade.hpp; path = include/Entidade.hpp; sourceTree = SOURCE_ROOT; };
		77B0B141F2464B8BA38445DE /* Obstaculo.hpp */ = {isa = PBXFileReference; explicitFileType = sourcecode.cpp.h; fileEncoding = 4; name = Obstaculo.hpp; path = include/Obstaculo.hpp; sourceTree = SOURCE_ROOT; };
		7F5738C764C749A893183259 /* Limites.hpp */ = {isa = PBXFileReference; explicitFileType = sourcecode.cpp.h; fileEncoding = 4; name = Limites.hpp; path = include/Limites.hpp; sourceTree = SOURCE_ROOT; };
		819F4440CB99460BAA1E8C05 /* Obst_Medio.cpp */ = {isa = PBXFileReference; explicitFileType = sourcecode.cpp.cpp; fileEncoding = 4; name = Obst_Medio.cpp; path = src/Obst_Medio.cpp; sourceTree = SOURCE_ROOT; };
		81F16B8F2FE03AE00058636D /* ATTACK.png */ = {isa = PBXFileReference; lastKnownFileType = image.png; path = ATTACK.png; sourceTree = "<group>"; };
		81F16B902FE03AE00058636D /* IDLE.png */ = {isa = PBXFileReference; lastKnownFileType = image.png; path = IDLE.png; sourceTree = "<group>"; };
		81F16B912FE03AE00058636D /* MORTE.png */ = {isa = PBXFileReference; lastKnownFileType = image.png; path = MORTE.png; sourceTree = "<group>"; };
		81F16B922FE03AE00058636D /* WALK.png */ = {isa = PBXFileReference; lastKnownFileType = image.png; path = WALK.png; sourceTree = "<group>"; };
		8A1FCAE6C1F94C098A5E140F /* Obst_Medio.hpp */ = {isa = PBXFileReference; explicitFileType = sourcecode.cpp.h; fileEncoding = 4; name = Obst_Medio.hpp; path = include/Obst_Medio.hpp; sourceTree = SOURCE_ROOT; };
		8A5C306336E049DE8164F0DA /* GerenciadorColisoes.hpp */ = {isa = PBXFileReference; explicitFileType = sourcecode.cpp.h; fileEncoding = 4; name = GerenciadorColisoes.hpp; path = include/GerenciadorColisoes.hpp; sourceTree = SOURCE_ROOT; };
		8ACFC784C9724F64A07E6080 /* CMakeLists.txt */ = {isa = PBXFileReference; explicitFileType = sourcecode.text; fileEncoding = 4; lastKnownFileType = text; path = CMakeLists.txt; sourceTree = SOURCE_ROOT; };
		8D3144B2600E484BA1833D96 /* ATTACK.png */ = {isa = PBXFileReference; fileEncoding = 4; lastKnownFileType = image; name = ATTACK.png; path = assets/Demonio/ATTACK.png; sourceTree = SOURCE_ROOT; };
		8D674389964E4BE1A8C8908D /* Arvore.hpp */ = {isa = PBXFileReference; explicitFileType = sourcecode.cpp.h; fileEncoding = 4; name = Arvore.hpp; path = include/Arvore.hpp; sourceTree = SOURCE_ROOT; };
		8F58B7FB44D2472C867589F5 /* Jogo.hpp */ = {isa = PBXFileReference; explicitFileType = sourcecode.cpp.h; fileEncoding = 4; name = Jogo.hpp; path = include/Jogo.hpp; sourceTree = SOURCE_ROOT; };
		907C150BB9814C6D8C9031F0 /* WALK.png */ = {isa = PBXFileReference; fileEncoding = 4; lastKnownFileType = image; name = WALK.png; path = assets/Knight2/WALK.png; sourceTree = SOURCE_ROOT; };
		91D0AD4AB1144BBBBA8F625A /* FLYING.png */ = {isa = PBXFileReference; fileEncoding = 4; lastKnownFileType = image; name = FLYING.png; path = assets/Demonio/FLYING.png; sourceTree = SOURCE_ROOT; };
		95D1B88FA03D4E8B8C520847 /* WALK.png */ = {isa = PBXFileReference; fileEncoding = 4; lastKnownFileType = image; name = WALK.png; path = assets/Arvore/WALK.png; sourceTree = SOURCE_ROOT; };
		976F17F38A5E4D8789EC19F7 /* Individual Spike.png */ = {isa = PBXFileReference; fileEncoding = 4; lastKnownFileType = image; name = "Individual Spike.png"; path = "assets/Obstaculo/Individual Spike.png"; sourceTree = SOURCE_ROOT; };
		A33D106E2FBB46BEA5838033 /* ListaEntidades.cpp */ = {isa = PBXFileReference; explicitFileType = sourcecode.cpp.cpp; fileEncoding = 4; name = ListaEntidades.cpp; path = src/ListaEntidades.cpp; sourceTree = SOURCE_ROOT; };
		A7EF6B2357964F5C8CE78562 /* Entidade.cpp */ = {isa = PBXFileReference; explicitFileType = sourcecode.cpp.cpp; fileEncoding = 4; name = Entidade.cpp; path = src/Entidade.cpp; sourceTree = SOURCE_ROOT; };
		A88162D8653C40508D64824D /* Morte.hpp */ = {isa = PBXFileReference; explicitFileType = sourcecode.cpp.h; fileEncoding = 4; name = Morte.hpp; path = include/Morte.hpp; sourceTree = SOURCE_ROOT; };
		AD64BDA42F944E6086A23DCB /* Animation.cpp */ = {isa = PBXFileReference; explicitFileType = sourcecode.cpp.cpp; fileEncoding = 4; name = Animation.cpp; path = src/Animation.cpp; sourceTree = SOURCE_ROOT; };
		B38FF39A1B1A4E098F947302 /* Inimigo.hpp */ = {isa = PBXFileReference; explicitFileType = sourcecode.cpp.h; fileEncoding = 4; name = Inimigo.hpp; path = include/Inimigo.hpp; sourceTree = SOURCE_ROOT; };
		B5B8A6CD03784E888D20DE8B /* RUN - cópia.png */ = {isa = PBXFileReference; fileEncoding = 4; lastKnownFileType = image; name = "RUN - cópia.png"; path = "assets/Knight2/RUN - cópia.png"; sourceTree = SOURCE_ROOT; };
		B6BA0DEB046745AFAFE2938A /* PROJETIL.png */ = {isa = PBXFileReference; fileEncoding = 4; lastKnownFileType = image; name = PROJETIL.png; path = assets/Morte/PROJETIL.png; sourceTree = SOURCE_ROOT; };
		B797859B10F64729B74D1CD4 /* Plataforma.cpp */ = {isa = PBXFileReference; explicitFileType = sourcecode.cpp.cpp; fileEncoding = 4; name = Plataforma.cpp; path = src/Plataforma.cpp; sourceTree = SOURCE_ROOT; };
		BBC4242A2F7E4ACEACD43FF6 /* VectorTL.hpp */ = {isa = PBXFileReference; explicitFileType = sourcecode.cpp.h; fileEncoding = 4; name = VectorTL.hpp; path = include/VectorTL.hpp; sourceTree = SOURCE_ROOT; };
		BD398449E5F249D29D4460BE /* FLYING8.png */ = {isa = PBXFileReference; fileEncoding = 4; lastKnownFileType = image; name = FLYING8.png; path = assets/Morte/FLYING8.png; sourceTree = SOURCE_ROOT; };
		BEE52275756647398EA8561D /* ATTACK 1.png */ = {isa = PBXFileReference; fileEncoding = 4; lastKnownFileType = image; name = "ATTACK 1.png"; path = "assets/Knight/ATTACK 1.png"; sourceTree = SOURCE_ROOT; };
		BF25BF21A4A043188C0EE771 /* WALK.png */ = {isa = PBXFileReference; fileEncoding = 4; lastKnownFileType = image; name = WALK.png; path = assets/Knight/WALK.png; sourceTree = SOURCE_ROOT; };
		BF4B7CA34E7641CCB9FE9149 /* background.png */ = {isa = PBXFileReference; fileEncoding = 4; lastKnownFileType = image; name = background.png; path = assets/background.png; sourceTree = SOURCE_ROOT; };
		C1B64E3FC41749FDBF082B94 /* Espinhos.png */ = {isa = PBXFileReference; fileEncoding = 4; lastKnownFileType = image; name = Espinhos.png; path = assets/Obstaculo/Espinhos.png; sourceTree = SOURCE_ROOT; };
		C4E5D9F71F314604B966DB61 /* Fase.cpp */ = {isa = PBXFileReference; explicitFileType = sourcecode.cpp.cpp; fileEncoding = 4; name = Fase.cpp; path = src/Fase.cpp; sourceTree = SOURCE_ROOT; };
		CD1FD596D2C04CB79AE0FE17 /* IDLE.png */ = {isa = PBXFileReference; fileEncoding = 4; lastKnownFileType = image; name = IDLE.png; path = assets/Arvore/IDLE.png; sourceTree = SOURCE_ROOT; };
		CDBBEACF633E4FD6ABE9C9E8 /* ListaEntidades.hpp */ = {isa = PBXFileReference; explicitFileType = sourcecode.cpp.h; fileEncoding = 4; name = ListaEntidades.hpp; path = include/ListaEntidades.hpp; sourceTree = SOURCE_ROOT; };
		CDF0C38840BB49F0BB55A938 /* main.cpp */ = {isa = PBXFileReference; explicitFileType = sourcecode.cpp.cpp; fileEncoding = 4; name = main.cpp; path = src/main.cpp; sourceTree = SOURCE_ROOT; };
		D065D3DCDE334A86A77B33A1 /* DEATH.png */ = {isa = PBXFileReference; fileEncoding = 4; lastKnownFileType = image; name = DEATH.png; path = assets/Demonio/DEATH.png; sourceTree = SOURCE_ROOT; };
		D6DA83DD077C4519964898B9 /* Plataforma.hpp */ = {isa = PBXFileReference; explicitFileType = sourcecode.cpp.h; fileEncoding = 4; name = Plataforma.hpp; path = include/Plataforma.hpp; sourceTree = SOURCE_ROOT; };
		D869FA7B2920434FBE8F2599 /* Demonio.hpp */ = {isa = PBXFileReference; explicitFileType = sourcecode.cpp.h; fileEncoding = 4; name = Demonio.hpp; path = include/Demonio.hpp; sourceTree = SOURCE_ROOT; };
		E1A0FE46C2FC4600BC13C71B /* FLYING.png */ = {isa = PBXFileReference; fileEncoding = 4; lastKnownFileType = image; name = FLYING.png; path = assets/Morte/FLYING.png; sourceTree = SOURCE_ROOT; };
		E1E9DD6A1C9F41F399CBDCEA /* Fase.hpp */ = {isa = PBXFileReference; explicitFileType = sourcecode.cpp.h; fileEncoding = 4; name = Fase.hpp; path = include/Fase.hpp; sourceTree = SOURCE_ROOT; };
		E407215D1BA84DEA86BCF912 /* Ente.cpp */ = {isa = PBXFileReference; explicitFileType = sourcecode.cpp.cpp; fileEncoding = 4; name = Ente.cpp; path = src/Ente.cpp; sourceTree = SOURCE_ROOT; };
		E6AD7B0262E4459386886270 /* ATTACK 2.png */ = {isa = PBXFileReference; fileEncoding = 4; lastKnownFileType = image; name = "ATTACK 2.png"; path = "assets/Knight2/ATTACK 2.png"; sourceTree = SOURCE_ROOT; };
		E9853666A63C4726B56B1FD5 /* SingleFrameAnimation.hpp */ = {isa = PBXFileReference; explicitFileType = sourcecode.cpp.h; fileEncoding = 4; name = SingleFrameAnimation.hpp; path = include/SingleFrameAnimation.hpp; sourceTree = SOURCE_ROOT; };
		EABA62E9AE484AAE952BCF29 /* DEATH.png */ = {isa = PBXFileReference; fileEncoding = 4; lastKnownFileType = image; name = DEATH.png; path = assets/Knight2/DEATH.png; sourceTree = SOURCE_ROOT; };
		ED8E8E4A5C4848C0847B1552 /* IDLE.png */ = {isa = PBXFileReference; fileEncoding = 4; lastKnownFileType = image; name = IDLE.png; path = assets/Knight/IDLE.png; sourceTree = SOURCE_ROOT; };
		EDFB1792FAC64208B74A822A /* tronchungo3.png */ = {isa = PBXFileReference; fileEncoding = 4; lastKnownFileType = image; name = tronchungo3.png; path = assets/Arvore/tronchungo3.png; sourceTree = SOURCE_ROOT; };
		F7313F777908436BAF865509 /* Projetil.hpp */ = {isa = PBXFileReference; explicitFileType = sourcecode.cpp.h; fileEncoding = 4; name = Projetil.hpp; path = include/Projetil.hpp; sourceTree = SOURCE_ROOT; };
		F8D42864476E46C08D7DC2E9 /* FasePrimeira.hpp */ = {isa = PBXFileReference; explicitFileType = sourcecode.cpp.h; fileEncoding = 4; name = FasePrimeira.hpp; path = include/FasePrimeira.hpp; sourceTree = SOURCE_ROOT; };
		FBDC82BF464D421F91E96844 /* Limites.cpp */ = {isa = PBXFileReference; explicitFileType = sourcecode.cpp.cpp; fileEncoding = 4; name = Limites.cpp; path = src/Limites.cpp; sourceTree = SOURCE_ROOT; };
		FC6013DA39504DAAA1AFE01A /* HURT.png */ = {isa = PBXFileReference; fileEncoding = 4; lastKnownFileType = image; name = HURT.png; path = assets/Knight2/HURT.png; sourceTree = SOURCE_ROOT; };
/* End PBXFileReference section */

/* Begin PBXFrameworksBuildPhase section */
		CF54BDCF81F646ECA4C5EDAA /* Frameworks */ = {
			isa = PBXFrameworksBuildPhase;
			buildActionMask = 2147483647;
			files = (
			);
			runOnlyForDeploymentPostprocessing = 0;
		};
/* End PBXFrameworksBuildPhase section */

/* Begin PBXGroup section */
		254E532996BC470BA04D986E /* Obstaculo */ = {
			isa = PBXGroup;
			children = (
				C1B64E3FC41749FDBF082B94 /* Espinhos.png */,
				976F17F38A5E4D8789EC19F7 /* Individual Spike.png */,
			);
			name = Obstaculo;
			sourceTree = "<group>";
		};
		2E293C28C0F64E1CA877AAE0 /* ALL_BUILD */ = {
			isa = PBXGroup;
			children = (
				CF398BC6752842319A63F992 /* CMake Rules */,
				24AFE31615084D31B63E6E5B /* CMakeLists.txt */,
			);
			name = ALL_BUILD;
			sourceTree = "<group>";
		};
		432EF7AE89774DD5838299EB /* Demonio */ = {
			isa = PBXGroup;
			children = (
				8D3144B2600E484BA1833D96 /* ATTACK.png */,
				D065D3DCDE334A86A77B33A1 /* DEATH.png */,
				91D0AD4AB1144BBBBA8F625A /* FLYING.png */,
				1CF0BB77A1AE4B858874F2D6 /* HURT.png */,
				3E62E5E15E7B46BBBE661FB4 /* IDLE.png */,
			);
			name = Demonio;
			sourceTree = "<group>";
		};
		4BD6A746767749CBB5BCD890 /* Knight2 */ = {
			isa = PBXGroup;
			children = (
				6ADC52E0DC574C57B752A99F /* ATTACK 1.png */,
				E6AD7B0262E4459386886270 /* ATTACK 2.png */,
				18C20792BFCC4F549CF65841 /* ATTACK 3.png */,
				EABA62E9AE484AAE952BCF29 /* DEATH.png */,
				FC6013DA39504DAAA1AFE01A /* HURT.png */,
				294633FB74ED49579FF709C1 /* IDLE.png */,
				0F7DA649A1E94E4884228F5B /* JUMP.png */,
				B5B8A6CD03784E888D20DE8B /* RUN - cópia.png */,
				5A749788FFFE4F8D82B340AA /* RUN.png */,
				907C150BB9814C6D8C9031F0 /* WALK.png */,
			);
			name = Knight2;
			sourceTree = "<group>";
		};
		6F860CD1BEF24DB3AEC683AA /* Frameworks */ = {
			isa = PBXGroup;
			children = (
			);
			name = Frameworks;
			sourceTree = "<group>";
		};
		70368C4F998446AFB159DD90 /* Resources */ = {
			isa = PBXGroup;
			children = (
			);
			name = Resources;
			sourceTree = "<group>";
		};
		812C07DA6B9F43FDB3D371DF /* Products */ = {
			isa = PBXGroup;
			children = (
				342C3E17DBF545F983AF2BEF /* main */,
			);
			name = Products;
			sourceTree = "<group>";
		};
		81F16B8E2FE03A580058636D /* Bixo */ = {
			isa = PBXGroup;
			children = (
				81F16B8F2FE03AE00058636D /* ATTACK.png */,
				81F16B902FE03AE00058636D /* IDLE.png */,
				81F16B922FE03AE00058636D /* WALK.png */,
				81F16B912FE03AE00058636D /* MORTE.png */,
			);
			path = Bixo;
			sourceTree = "<group>";
		};
		864BB89F3A074E3382A7013E /* main */ = {
			isa = PBXGroup;
			children = (
				F41AB34E823540F289EB433E /* Assets */,
				DB554C9006A34B1B82F3D12A /* Headers */,
				986B8438C9AB4F638E8E465C /* Sources */,
				8ACFC784C9724F64A07E6080 /* CMakeLists.txt */,
			);
			name = main;
			sourceTree = "<group>";
		};
		986B8438C9AB4F638E8E465C /* Sources */ = {
			isa = PBXGroup;
			children = (
				AD64BDA42F944E6086A23DCB /* Animation.cpp */,
				62EC3D723AE34B60993D50DC /* Arvore.cpp */,
				0C78C3AED51949F785503612 /* Demonio.cpp */,
				E407215D1BA84DEA86BCF912 /* Ente.cpp */,
				A7EF6B2357964F5C8CE78562 /* Entidade.cpp */,
				C4E5D9F71F314604B966DB61 /* Fase.cpp */,
				38792243257B4FB1A6567618 /* FasePrimeira.cpp */,
				0DB2439CE0704CE486A1176D /* GerenciadorColisoes.cpp */,
				2BB56F821074440AB80278C0 /* GerenciadorGrafico.cpp */,
				71A8BF432DB440078B8C2C4A /* Inimigo.cpp */,
				16F52B0800274198A656DD0A /* Jogador.cpp */,
				5466CD9B6E9044C1B3C6B39C /* Jogo.cpp */,
				FBDC82BF464D421F91E96844 /* Limites.cpp */,
				A33D106E2FBB46BEA5838033 /* ListaEntidades.cpp */,
				0AD5549CE87E4626B7977457 /* Morte.cpp */,
				819F4440CB99460BAA1E8C05 /* Obst_Medio.cpp */,
				492CB7CCADE2445292C57020 /* Obstaculo.cpp */,
				00C5444C3C27431E95BBC7B2 /* Personagem.cpp */,
				B797859B10F64729B74D1CD4 /* Plataforma.cpp */,
				19E1BCB2480140DE893B74C8 /* Projetil.cpp */,
				22DCE93E42254A03B69B4A0F /* SingleFrameAnimation.cpp */,
				CDF0C38840BB49F0BB55A938 /* main.cpp */,
			);
			name = Sources;
			sourceTree = "<group>";
		};
		B2E28D0C9D9C4A5B80C459DF /* Knight */ = {
			isa = PBXGroup;
			children = (
				BEE52275756647398EA8561D /* ATTACK 1.png */,
				604D0289AFF24AF5B5EE0120 /* ATTACK 2.png */,
				21C0DE24A8D7402FA24AA608 /* ATTACK 3.png */,
				0B72928D0C124861814C36C9 /* DEATH.png */,
				346DFF48E2364080B1B3C2E5 /* HURT.png */,
				ED8E8E4A5C4848C0847B1552 /* IDLE.png */,
				5D472CA9DFB9465F8483A424 /* JUMP.png */,
				623D5837648C405F8D564495 /* RUN - cópia.png */,
				6C837A64A7D74A7DA97727A2 /* RUN.png */,
				BF25BF21A4A043188C0EE771 /* WALK.png */,
			);
			name = Knight;
			sourceTree = "<group>";
		};
		CF398BC6752842319A63F992 /* CMake Rules */ = {
			isa = PBXGroup;
			children = (
			);
			name = "CMake Rules";
			sourceTree = "<group>";
		};
		DB554C9006A34B1B82F3D12A /* Headers */ = {
			isa = PBXGroup;
			children = (
				63E23AFA3D93409FAA1A71AB /* Animation.hpp */,
				8D674389964E4BE1A8C8908D /* Arvore.hpp */,
				D869FA7B2920434FBE8F2599 /* Demonio.hpp */,
				28CBB9247A8A498887B3B34E /* Ente.hpp */,
				75F431B2681F4F1EB65A1236 /* Entidade.hpp */,
				E1E9DD6A1C9F41F399CBDCEA /* Fase.hpp */,
				F8D42864476E46C08D7DC2E9 /* FasePrimeira.hpp */,
				8A5C306336E049DE8164F0DA /* GerenciadorColisoes.hpp */,
				3E3AE63F8C7C4597BD25E627 /* GerenciadorGrafico.hpp */,
				B38FF39A1B1A4E098F947302 /* Inimigo.hpp */,
				02A8159AB3F94A6D8357A75B /* Jogador.hpp */,
				8F58B7FB44D2472C867589F5 /* Jogo.hpp */,
				7F5738C764C749A893183259 /* Limites.hpp */,
				5DF01E10BBDC432FA5C67A77 /* ListTL.hpp */,
				CDBBEACF633E4FD6ABE9C9E8 /* ListaEntidades.hpp */,
				A88162D8653C40508D64824D /* Morte.hpp */,
				8A1FCAE6C1F94C098A5E140F /* Obst_Medio.hpp */,
				77B0B141F2464B8BA38445DE /* Obstaculo.hpp */,
				2E2E32ABC8DB45D994CC6DDA /* Personagem.hpp */,
				D6DA83DD077C4519964898B9 /* Plataforma.hpp */,
				F7313F777908436BAF865509 /* Projetil.hpp */,
				E9853666A63C4726B56B1FD5 /* SingleFrameAnimation.hpp */,
				BBC4242A2F7E4ACEACD43FF6 /* VectorTL.hpp */,
			);
			name = Headers;
			sourceTree = "<group>";
		};
		F41AB34E823540F289EB433E /* Assets */ = {
			isa = PBXGroup;
			children = (
				81F16B8E2FE03A580058636D /* Bixo */,
				FB5CEC033A6F4D439CC08831 /* Arvore */,
				432EF7AE89774DD5838299EB /* Demonio */,
				B2E28D0C9D9C4A5B80C459DF /* Knight */,
				4BD6A746767749CBB5BCD890 /* Knight2 */,
				FCEA21AC95EE43E9B1E0BB0C /* Morte */,
				254E532996BC470BA04D986E /* Obstaculo */,
				385FE544ABD944E3A316F2F0 /* .DS_Store */,
				BF4B7CA34E7641CCB9FE9149 /* background.png */,
			);
			name = Assets;
			sourceTree = "<group>";
		};
		FB5CEC033A6F4D439CC08831 /* Arvore */ = {
			isa = PBXGroup;
			children = (
				43AEC863DD1847B8BA241164 /* HURT.png */,
				CD1FD596D2C04CB79AE0FE17 /* IDLE.png */,
				95D1B88FA03D4E8B8C520847 /* WALK.png */,
				EDFB1792FAC64208B74A822A /* tronchungo3.png */,
			);
			name = Arvore;
			sourceTree = "<group>";
		};
		FCEA21AC95EE43E9B1E0BB0C /* Morte */ = {
			isa = PBXGroup;
			children = (
				E1A0FE46C2FC4600BC13C71B /* FLYING.png */,
				BD398449E5F249D29D4460BE /* FLYING8.png */,
				358897C363784E9D80ABAB7D /* IDLE.png */,
				1CD03749610A48D5AB341489 /* Iprojetil.png */,
				B6BA0DEB046745AFAFE2938A /* PROJETIL.png */,
				53ACBCEC6D5041488927CE3D /* PROJETIL_SPAWN.png */,
				5297FA9646CA4422A5EED3BD /* death.png */,
				01C5D354D7F54A3AB846FD41 /* inutilizado.png */,
				5371E43812FC4FFC9A814E77 /* inutilizado2.png */,
				543C1C8F114044FAB8136399 /* summon.png */,
			);
			name = Morte;
			sourceTree = "<group>";
		};
		FF722A7D2DE140E3ABA1A550 = {
			isa = PBXGroup;
			children = (
				2E293C28C0F64E1CA877AAE0 /* ALL_BUILD */,
				864BB89F3A074E3382A7013E /* main */,
				812C07DA6B9F43FDB3D371DF /* Products */,
				6F860CD1BEF24DB3AEC683AA /* Frameworks */,
				70368C4F998446AFB159DD90 /* Resources */,
			);
			sourceTree = "<group>";
		};
/* End PBXGroup section */

/* Begin PBXNativeTarget section */
		09180B84A58F0F386124BCEE /* main */ = {
			isa = PBXNativeTarget;
			buildConfigurationList = DFF28C17244E4A558229910C /* Build configuration list for PBXNativeTarget "main" */;
			buildPhases = (
				1E5F839CEDDE4D1A839AF6AE /* Sources */,
				CF54BDCF81F646ECA4C5EDAA /* Frameworks */,
			);
			buildRules = (
			);
			dependencies = (
				1C18155391A14C04B633D457 /* PBXTargetDependency */,
			);
			name = main;
			productName = main;
			productReference = 342C3E17DBF545F983AF2BEF /* main */;
			productType = "com.apple.product-type.tool";
		};
/* End PBXNativeTarget section */

/* Begin PBXProject section */
		DCD4239BB9234156B168F419 /* Project object */ = {
			isa = PBXProject;
			attributes = {
				LastUpgradeCheck = 2650;
			};
			buildConfigurationList = DC7F975393CD4876BD71EB37 /* Build configuration list for PBXProject "Jogo" */;
			compatibilityVersion = "Xcode 3.2";
			developmentRegion = en;
			hasScannedForEncodings = 0;
			knownRegions = (
				en,
				Base,
			);
			mainGroup = FF722A7D2DE140E3ABA1A550;
			projectDirPath = "";
			projectRoot = "";
			targets = (
				4744A32384E4218747EEFD39 /* ALL_BUILD */,
				09180B84A58F0F386124BCEE /* main */,
				42BC39BDE240DFF12C5A56DE /* ZERO_CHECK */,
			);
		};
/* End PBXProject section */

/* Begin PBXShellScriptBuildPhase section */
		AD6E3E9877489E068D5BBBD3 /* Generate CMakeFiles/ALL_BUILD */ = {
			isa = PBXShellScriptBuildPhase;
			alwaysOutOfDate = 1;
			buildActionMask = 2147483647;
			files = (
			);
			inputPaths = (
			);
			name = "Generate CMakeFiles/ALL_BUILD";
			outputPaths = (
				/Users/shiobara/Documents/jogotecprog/CMakeFiles/ALL_BUILD,
			);
			runOnlyForDeploymentPostprocessing = 0;
			shellPath = /bin/sh;
			shellScript = "set -e\nif test \"$CONFIGURATION\" = \"Debug\"; then :\n  cd /Users/shiobara/Documents/jogotecprog\n  echo Build\\ all\\ projects\nfi\nif test \"$CONFIGURATION\" = \"Release\"; then :\n  cd /Users/shiobara/Documents/jogotecprog\n  echo Build\\ all\\ projects\nfi\nif test \"$CONFIGURATION\" = \"MinSizeRel\"; then :\n  cd /Users/shiobara/Documents/jogotecprog\n  echo Build\\ all\\ projects\nfi\nif test \"$CONFIGURATION\" = \"RelWithDebInfo\"; then :\n  cd /Users/shiobara/Documents/jogotecprog\n  echo Build\\ all\\ projects\nfi\n";
			showEnvVarsInLog = 0;
		};
		F8FED941F7682D2526D3075E /* Generate CMakeFiles/ZERO_CHECK */ = {
			isa = PBXShellScriptBuildPhase;
			alwaysOutOfDate = 1;
			buildActionMask = 2147483647;
			files = (
			);
			inputPaths = (
			);
			name = "Generate CMakeFiles/ZERO_CHECK";
			outputPaths = (
				/Users/shiobara/Documents/jogotecprog/CMakeFiles/ZERO_CHECK,
			);
			runOnlyForDeploymentPostprocessing = 0;
			shellPath = /bin/sh;
			shellScript = "set -e\nif test \"$CONFIGURATION\" = \"Debug\"; then :\n  cd /Users/shiobara/Documents/jogotecprog\n  make -f /Users/shiobara/Documents/jogotecprog/CMakeScripts/ReRunCMake.make\nfi\nif test \"$CONFIGURATION\" = \"Release\"; then :\n  cd /Users/shiobara/Documents/jogotecprog\n  make -f /Users/shiobara/Documents/jogotecprog/CMakeScripts/ReRunCMake.make\nfi\nif test \"$CONFIGURATION\" = \"MinSizeRel\"; then :\n  cd /Users/shiobara/Documents/jogotecprog\n  make -f /Users/shiobara/Documents/jogotecprog/CMakeScripts/ReRunCMake.make\nfi\nif test \"$CONFIGURATION\" = \"RelWithDebInfo\"; then :\n  cd /Users/shiobara/Documents/jogotecprog\n  make -f /Users/shiobara/Documents/jogotecprog/CMakeScripts/ReRunCMake.make\nfi\n";
			showEnvVarsInLog = 0;
		};
/* End PBXShellScriptBuildPhase section */

/* Begin PBXSourcesBuildPhase section */
		1E5F839CEDDE4D1A839AF6AE /* Sources */ = {
			isa = PBXSourcesBuildPhase;
			buildActionMask = 2147483647;
			files = (
				888C0F44FDA443C099116B5B /* Animation.cpp in Sources */,
				EDB003664C71451F86B3DC7B /* Arvore.cpp in Sources */,
				5EEAE89FDD6C43A9AA0DD302 /* Demonio.cpp in Sources */,
				C2F10255E5A8468CBBAFFC26 /* Ente.cpp in Sources */,
				7CC11F671CD241F1BB53C146 /* Entidade.cpp in Sources */,
				A644DDC89A334BA3B8410A26 /* Fase.cpp in Sources */,
				235DBF7A25714BEB9F370986 /* FasePrimeira.cpp in Sources */,
				90DF22416E41487AB1836B8D /* GerenciadorColisoes.cpp in Sources */,
				CE74F929176A4A5A84BB77A8 /* GerenciadorGrafico.cpp in Sources */,
				7BFD44E53ABA47F1AE35D739 /* Inimigo.cpp in Sources */,
				BB3F7E87555849309BD353AE /* Jogador.cpp in Sources */,
				316A729E432F40A896DA46DC /* Jogo.cpp in Sources */,
				61E6129B972440DDA7D8AD45 /* Limites.cpp in Sources */,
				3841D84FD2F648F48699508F /* ListaEntidades.cpp in Sources */,
				11758526CF4F4940B4BBAF54 /* Morte.cpp in Sources */,
				F1B237862BFA460F83A1D344 /* Obst_Medio.cpp in Sources */,
				D8448B7878CA4653B99A610B /* Obstaculo.cpp in Sources */,
				F617D3AF55044C788920B5EB /* Personagem.cpp in Sources */,
				D16727ACD28A4BF9BDF75B38 /* Plataforma.cpp in Sources */,
				A71747AD38524BAFA6450829 /* Projetil.cpp in Sources */,
				5B2245E5D613450DB7F9AA43 /* SingleFrameAnimation.cpp in Sources */,
				5D9DCC503F524DC0B804DD62 /* main.cpp in Sources */,
			);
			runOnlyForDeploymentPostprocessing = 0;
		};
/* End PBXSourcesBuildPhase section */

/* Begin PBXTargetDependency section */
		1C18155391A14C04B633D457 /* PBXTargetDependency */ = {
			isa = PBXTargetDependency;
			target = 42BC39BDE240DFF12C5A56DE /* ZERO_CHECK */;
			targetProxy = EA34C5494B244C14947521C7 /* PBXContainerItemProxy */;
		};
		2458065B9E6E4A8C93C517AA /* PBXTargetDependency */ = {
			isa = PBXTargetDependency;
			target = 42BC39BDE240DFF12C5A56DE /* ZERO_CHECK */;
			targetProxy = 3ED6BECB92E84B8C84090F10 /* PBXContainerItemProxy */;
		};
		C9EF99B417D547C4B1B6D4C4 /* PBXTargetDependency */ = {
			isa = PBXTargetDependency;
			target = 09180B84A58F0F386124BCEE /* main */;
			targetProxy = FAA04ED70F764E5791501FFF /* PBXContainerItemProxy */;
		};
/* End PBXTargetDependency section */

/* Begin XCBuildConfiguration section */
		1B8CCD612E83419798BCB954 /* RelWithDebInfo */ = {
			isa = XCBuildConfiguration;
			buildSettings = {
				ARCHS = arm64;
				SDKROOT = "";
				SWIFT_COMPILATION_MODE = wholemodule;
				SYMROOT = /Users/shiobara/Documents/jogotecprog/build;
			};
			name = RelWithDebInfo;
		};
		2DF4FDDB62A1481B9C45C1E5 /* MinSizeRel */ = {
			isa = XCBuildConfiguration;
			buildSettings = {
				ARCHS = arm64;
				SDKROOT = "";
				SWIFT_COMPILATION_MODE = wholemodule;
				SYMROOT = /Users/shiobara/Documents/jogotecprog/build;
			};
			name = MinSizeRel;
		};
		3E65E681DB38428CA235E21E /* MinSizeRel */ = {
			isa = XCBuildConfiguration;
			buildSettings = {
				ALWAYS_SEARCH_USER_PATHS = NO;
				ARCHS = arm64;
				COMBINE_HIDPI_IMAGES = YES;
				GCC_GENERATE_DEBUGGING_SYMBOLS = YES;
				GCC_INLINES_ARE_PRIVATE_EXTERN = NO;
				GCC_OPTIMIZATION_LEVEL = 0;
				GCC_PREPROCESSOR_DEFINITIONS = (
					"'CMAKE_INTDIR=\"$(CONFIGURATION)$(EFFECTIVE_PLATFORM_NAME)\"'",
					"$(inherited)",
				);
				GCC_SYMBOLS_PRIVATE_EXTERN = NO;
				INSTALL_PATH = "";
				ONLY_ACTIVE_ARCH = NO;
				OTHER_LDFLAGS = " $(inherited)";
				OTHER_REZFLAGS = "";
				PRODUCT_NAME = ALL_BUILD;
				SECTORDER_FLAGS = "";
				USE_HEADERMAP = NO;
				WARNING_CFLAGS = "$(inherited)";
			};
			name = MinSizeRel;
		};
		49511F38C0AE4A0E91259646 /* Release */ = {
			isa = XCBuildConfiguration;
			buildSettings = {
				ALWAYS_SEARCH_USER_PATHS = NO;
				ARCHS = arm64;
				COMBINE_HIDPI_IMAGES = YES;
				CONFIGURATION_BUILD_DIR = /Users/shiobara/Documents/jogotecprog/Release;
				EXECUTABLE_PREFIX = "";
				EXECUTABLE_SUFFIX = "";
				GCC_GENERATE_DEBUGGING_SYMBOLS = NO;
				GCC_INLINES_ARE_PRIVATE_EXTERN = NO;
				GCC_OPTIMIZATION_LEVEL = 3;
				GCC_PREPROCESSOR_DEFINITIONS = (
					"'CMAKE_INTDIR=\"$(CONFIGURATION)$(EFFECTIVE_PLATFORM_NAME)\"'",
					"$(inherited)",
				);
				GCC_SYMBOLS_PRIVATE_EXTERN = NO;
				HEADER_SEARCH_PATHS = (
					/Users/shiobara/Documents/jogotecprog/include,
					"$(inherited)",
				);
				INSTALL_PATH = "";
				LD_RUNPATH_SEARCH_PATHS = (
					/opt/homebrew/lib,
					"$(inherited)",
				);
				ONLY_ACTIVE_ARCH = NO;
				OTHER_CPLUSPLUSFLAGS = (
					"-DNDEBUG",
					"'-std=gnu++17'",
				);
				OTHER_LDFLAGS = (
					"-Wl,-search_paths_first",
					"-Wl,-headerpad_max_install_names",
					"/opt/homebrew/lib/libsfml-graphics.2.6.2.dylib",
					"/opt/homebrew/lib/libsfml-window.2.6.2.dylib",
					"/opt/homebrew/lib/libsfml-system.2.6.2.dylib",
					"$(inherited)",
				);
				OTHER_REZFLAGS = "";
				PRODUCT_NAME = main;
				SECTORDER_FLAGS = "";
				SYSTEM_HEADER_SEARCH_PATHS = (
					/opt/homebrew/include,
					"$(inherited)",
				);
				TARGET_TEMP_DIR = "/Users/shiobara/Documents/jogotecprog/build/main.build/$(CONFIGURATION)$(EFFECTIVE_PLATFORM_NAME)";
				USE_HEADERMAP = NO;
				WARNING_CFLAGS = "$(inherited)";
			};
			name = Release;
		};
		4D79FDAB22274E628A815D19 /* Debug */ = {
			isa = XCBuildConfiguration;
			buildSettings = {
				ALWAYS_SEARCH_USER_PATHS = NO;
				ARCHS = arm64;
				COMBINE_HIDPI_IMAGES = YES;
				GCC_GENERATE_DEBUGGING_SYMBOLS = YES;
				GCC_INLINES_ARE_PRIVATE_EXTERN = NO;
				GCC_OPTIMIZATION_LEVEL = 0;
				GCC_PREPROCESSOR_DEFINITIONS = (
					"'CMAKE_INTDIR=\"$(CONFIGURATION)$(EFFECTIVE_PLATFORM_NAME)\"'",
					"$(inherited)",
				);
				GCC_SYMBOLS_PRIVATE_EXTERN = NO;
				INSTALL_PATH = "";
				ONLY_ACTIVE_ARCH = NO;
				OTHER_LDFLAGS = " $(inherited)";
				OTHER_REZFLAGS = "";
				PRODUCT_NAME = ZERO_CHECK;
				SECTORDER_FLAGS = "";
				USE_HEADERMAP = NO;
				WARNING_CFLAGS = "$(inherited)";
			};
			name = Debug;
		};
		4F95A69918454C74AE52E096 /* MinSizeRel */ = {
			isa = XCBuildConfiguration;
			buildSettings = {
				ALWAYS_SEARCH_USER_PATHS = NO;
				ARCHS = arm64;
				COMBINE_HIDPI_IMAGES = YES;
				GCC_GENERATE_DEBUGGING_SYMBOLS = YES;
				GCC_INLINES_ARE_PRIVATE_EXTERN = NO;
				GCC_OPTIMIZATION_LEVEL = 0;
				GCC_PREPROCESSOR_DEFINITIONS = (
					"'CMAKE_INTDIR=\"$(CONFIGURATION)$(EFFECTIVE_PLATFORM_NAME)\"'",
					"$(inherited)",
				);
				GCC_SYMBOLS_PRIVATE_EXTERN = NO;
				INSTALL_PATH = "";
				ONLY_ACTIVE_ARCH = NO;
				OTHER_LDFLAGS = " $(inherited)";
				OTHER_REZFLAGS = "";
				PRODUCT_NAME = ZERO_CHECK;
				SECTORDER_FLAGS = "";
				USE_HEADERMAP = NO;
				WARNING_CFLAGS = "$(inherited)";
			};
			name = MinSizeRel;
		};
		5B43B1D18A4C443899F9940A /* MinSizeRel */ = {
			isa = XCBuildConfiguration;
			buildSettings = {
				ALWAYS_SEARCH_USER_PATHS = NO;
				ARCHS = arm64;
				COMBINE_HIDPI_IMAGES = YES;
				CONFIGURATION_BUILD_DIR = /Users/shiobara/Documents/jogotecprog/MinSizeRel;
				EXECUTABLE_PREFIX = "";
				EXECUTABLE_SUFFIX = "";
				GCC_GENERATE_DEBUGGING_SYMBOLS = NO;
				GCC_INLINES_ARE_PRIVATE_EXTERN = NO;
				GCC_OPTIMIZATION_LEVEL = s;
				GCC_PREPROCESSOR_DEFINITIONS = (
					"'CMAKE_INTDIR=\"$(CONFIGURATION)$(EFFECTIVE_PLATFORM_NAME)\"'",
					"$(inherited)",
				);
				GCC_SYMBOLS_PRIVATE_EXTERN = NO;
				HEADER_SEARCH_PATHS = (
					/Users/shiobara/Documents/jogotecprog/include,
					"$(inherited)",
				);
				INSTALL_PATH = "";
				LD_RUNPATH_SEARCH_PATHS = (
					/opt/homebrew/lib,
					"$(inherited)",
				);
				ONLY_ACTIVE_ARCH = NO;
				OTHER_CPLUSPLUSFLAGS = (
					"-DNDEBUG",
					"'-std=gnu++17'",
				);
				OTHER_LDFLAGS = (
					"-Wl,-search_paths_first",
					"-Wl,-headerpad_max_install_names",
					"/opt/homebrew/lib/libsfml-graphics.2.6.2.dylib",
					"/opt/homebrew/lib/libsfml-window.2.6.2.dylib",
					"/opt/homebrew/lib/libsfml-system.2.6.2.dylib",
					"$(inherited)",
				);
				OTHER_REZFLAGS = "";
				PRODUCT_NAME = main;
				SECTORDER_FLAGS = "";
				SYSTEM_HEADER_SEARCH_PATHS = (
					/opt/homebrew/include,
					"$(inherited)",
				);
				TARGET_TEMP_DIR = "/Users/shiobara/Documents/jogotecprog/build/main.build/$(CONFIGURATION)$(EFFECTIVE_PLATFORM_NAME)";
				USE_HEADERMAP = NO;
				WARNING_CFLAGS = "$(inherited)";
			};
			name = MinSizeRel;
		};
		5BCB13441E9A441CA0592820 /* Release */ = {
			isa = XCBuildConfiguration;
			buildSettings = {
				ALWAYS_SEARCH_USER_PATHS = NO;
				ARCHS = arm64;
				COMBINE_HIDPI_IMAGES = YES;
				GCC_GENERATE_DEBUGGING_SYMBOLS = YES;
				GCC_INLINES_ARE_PRIVATE_EXTERN = NO;
				GCC_OPTIMIZATION_LEVEL = 0;
				GCC_PREPROCESSOR_DEFINITIONS = (
					"'CMAKE_INTDIR=\"$(CONFIGURATION)$(EFFECTIVE_PLATFORM_NAME)\"'",
					"$(inherited)",
				);
				GCC_SYMBOLS_PRIVATE_EXTERN = NO;
				INSTALL_PATH = "";
				ONLY_ACTIVE_ARCH = NO;
				OTHER_LDFLAGS = " $(inherited)";
				OTHER_REZFLAGS = "";
				PRODUCT_NAME = ZERO_CHECK;
				SECTORDER_FLAGS = "";
				USE_HEADERMAP = NO;
				WARNING_CFLAGS = "$(inherited)";
			};
			name = Release;
		};
		735357D94B954AFEA192A847 /* RelWithDebInfo */ = {
			isa = XCBuildConfiguration;
			buildSettings = {
				ALWAYS_SEARCH_USER_PATHS = NO;
				ARCHS = arm64;
				COMBINE_HIDPI_IMAGES = YES;
				CONFIGURATION_BUILD_DIR = /Users/shiobara/Documents/jogotecprog/RelWithDebInfo;
				EXECUTABLE_PREFIX = "";
				EXECUTABLE_SUFFIX = "";
				GCC_GENERATE_DEBUGGING_SYMBOLS = YES;
				GCC_INLINES_ARE_PRIVATE_EXTERN = NO;
				GCC_OPTIMIZATION_LEVEL = 2;
				GCC_PREPROCESSOR_DEFINITIONS = (
					"'CMAKE_INTDIR=\"$(CONFIGURATION)$(EFFECTIVE_PLATFORM_NAME)\"'",
					"$(inherited)",
				);
				GCC_SYMBOLS_PRIVATE_EXTERN = NO;
				HEADER_SEARCH_PATHS = (
					/Users/shiobara/Documents/jogotecprog/include,
					"$(inherited)",
				);
				INSTALL_PATH = "";
				LD_RUNPATH_SEARCH_PATHS = (
					/opt/homebrew/lib,
					"$(inherited)",
				);
				ONLY_ACTIVE_ARCH = NO;
				OTHER_CPLUSPLUSFLAGS = (
					"-DNDEBUG",
					"'-std=gnu++17'",
				);
				OTHER_LDFLAGS = (
					"-Wl,-search_paths_first",
					"-Wl,-headerpad_max_install_names",
					"/opt/homebrew/lib/libsfml-graphics.2.6.2.dylib",
					"/opt/homebrew/lib/libsfml-window.2.6.2.dylib",
					"/opt/homebrew/lib/libsfml-system.2.6.2.dylib",
					"$(inherited)",
				);
				OTHER_REZFLAGS = "";
				PRODUCT_NAME = main;
				SECTORDER_FLAGS = "";
				SYSTEM_HEADER_SEARCH_PATHS = (
					/opt/homebrew/include,
					"$(inherited)",
				);
				TARGET_TEMP_DIR = "/Users/shiobara/Documents/jogotecprog/build/main.build/$(CONFIGURATION)$(EFFECTIVE_PLATFORM_NAME)";
				USE_HEADERMAP = NO;
				WARNING_CFLAGS = "$(inherited)";
			};
			name = RelWithDebInfo;
		};
		7A2E32D03F014DAF9FDAA3A7 /* Release */ = {
			isa = XCBuildConfiguration;
			buildSettings = {
				ARCHS = arm64;
				SDKROOT = "";
				SWIFT_COMPILATION_MODE = wholemodule;
				SYMROOT = /Users/shiobara/Documents/jogotecprog/build;
			};
			name = Release;
		};
		7AE22436B1394A55923A2938 /* Release */ = {
			isa = XCBuildConfiguration;
			buildSettings = {
				ALWAYS_SEARCH_USER_PATHS = NO;
				ARCHS = arm64;
				COMBINE_HIDPI_IMAGES = YES;
				GCC_GENERATE_DEBUGGING_SYMBOLS = YES;
				GCC_INLINES_ARE_PRIVATE_EXTERN = NO;
				GCC_OPTIMIZATION_LEVEL = 0;
				GCC_PREPROCESSOR_DEFINITIONS = (
					"'CMAKE_INTDIR=\"$(CONFIGURATION)$(EFFECTIVE_PLATFORM_NAME)\"'",
					"$(inherited)",
				);
				GCC_SYMBOLS_PRIVATE_EXTERN = NO;
				INSTALL_PATH = "";
				ONLY_ACTIVE_ARCH = NO;
				OTHER_LDFLAGS = " $(inherited)";
				OTHER_REZFLAGS = "";
				PRODUCT_NAME = ALL_BUILD;
				SECTORDER_FLAGS = "";
				USE_HEADERMAP = NO;
				WARNING_CFLAGS = "$(inherited)";
			};
			name = Release;
		};
		A7F73FD365EA4523A1C6F6F5 /* Debug */ = {
			isa = XCBuildConfiguration;
			buildSettings = {
				ARCHS = arm64;
				SDKROOT = "";
				SYMROOT = /Users/shiobara/Documents/jogotecprog/build;
			};
			name = Debug;
		};
		BA5599C7ED714952AC2F2101 /* Debug */ = {
			isa = XCBuildConfiguration;
			buildSettings = {
				ALWAYS_SEARCH_USER_PATHS = NO;
				ARCHS = arm64;
				COMBINE_HIDPI_IMAGES = YES;
				CONFIGURATION_BUILD_DIR = /Users/shiobara/Documents/jogotecprog/Debug;
				EXECUTABLE_PREFIX = "";
				EXECUTABLE_SUFFIX = "";
				GCC_GENERATE_DEBUGGING_SYMBOLS = YES;
				GCC_INLINES_ARE_PRIVATE_EXTERN = NO;
				GCC_OPTIMIZATION_LEVEL = 0;
				GCC_PREPROCESSOR_DEFINITIONS = (
					"'CMAKE_INTDIR=\"$(CONFIGURATION)$(EFFECTIVE_PLATFORM_NAME)\"'",
					"$(inherited)",
				);
				GCC_SYMBOLS_PRIVATE_EXTERN = NO;
				HEADER_SEARCH_PATHS = (
					/Users/shiobara/Documents/jogotecprog/include,
					"$(inherited)",
				);
				INSTALL_PATH = "";
				LD_RUNPATH_SEARCH_PATHS = (
					/opt/homebrew/lib,
					"$(inherited)",
				);
				ONLY_ACTIVE_ARCH = NO;
				OTHER_CPLUSPLUSFLAGS = "   '-std=gnu++17' ";
				OTHER_LDFLAGS = (
					"-Wl,-search_paths_first",
					"-Wl,-headerpad_max_install_names",
					"/opt/homebrew/lib/libsfml-graphics.2.6.2.dylib",
					"/opt/homebrew/lib/libsfml-window.2.6.2.dylib",
					"/opt/homebrew/lib/libsfml-system.2.6.2.dylib",
					"$(inherited)",
				);
				OTHER_REZFLAGS = "";
				PRODUCT_NAME = main;
				SECTORDER_FLAGS = "";
				SYSTEM_HEADER_SEARCH_PATHS = (
					/opt/homebrew/include,
					"$(inherited)",
				);
				TARGET_TEMP_DIR = "/Users/shiobara/Documents/jogotecprog/build/main.build/$(CONFIGURATION)$(EFFECTIVE_PLATFORM_NAME)";
				USE_HEADERMAP = NO;
				WARNING_CFLAGS = "$(inherited)";
			};
			name = Debug;
		};
		BD9BDDD905964CC786FABA77 /* RelWithDebInfo */ = {
			isa = XCBuildConfiguration;
			buildSettings = {
				ALWAYS_SEARCH_USER_PATHS = NO;
				ARCHS = arm64;
				COMBINE_HIDPI_IMAGES = YES;
				GCC_GENERATE_DEBUGGING_SYMBOLS = YES;
				GCC_INLINES_ARE_PRIVATE_EXTERN = NO;
				GCC_OPTIMIZATION_LEVEL = 0;
				GCC_PREPROCESSOR_DEFINITIONS = (
					"'CMAKE_INTDIR=\"$(CONFIGURATION)$(EFFECTIVE_PLATFORM_NAME)\"'",
					"$(inherited)",
				);
				GCC_SYMBOLS_PRIVATE_EXTERN = NO;
				INSTALL_PATH = "";
				ONLY_ACTIVE_ARCH = NO;
				OTHER_LDFLAGS = " $(inherited)";
				OTHER_REZFLAGS = "";
				PRODUCT_NAME = ALL_BUILD;
				SECTORDER_FLAGS = "";
				USE_HEADERMAP = NO;
				WARNING_CFLAGS = "$(inherited)";
			};
			name = RelWithDebInfo;
		};
		D3D3376E0E8E454D8B2EDF63 /* Debug */ = {
			isa = XCBuildConfiguration;
			buildSettings = {
				ALWAYS_SEARCH_USER_PATHS = NO;
				ARCHS = arm64;
				COMBINE_HIDPI_IMAGES = YES;
				GCC_GENERATE_DEBUGGING_SYMBOLS = YES;
				GCC_INLINES_ARE_PRIVATE_EXTERN = NO;
				GCC_OPTIMIZATION_LEVEL = 0;
				GCC_PREPROCESSOR_DEFINITIONS = (
					"'CMAKE_INTDIR=\"$(CONFIGURATION)$(EFFECTIVE_PLATFORM_NAME)\"'",
					"$(inherited)",
				);
				GCC_SYMBOLS_PRIVATE_EXTERN = NO;
				INSTALL_PATH = "";
				ONLY_ACTIVE_ARCH = NO;
				OTHER_LDFLAGS = " $(inherited)";
				OTHER_REZFLAGS = "";
				PRODUCT_NAME = ALL_BUILD;
				SECTORDER_FLAGS = "";
				USE_HEADERMAP = NO;
				WARNING_CFLAGS = "$(inherited)";
			};
			name = Debug;
		};
		D703380B9B1F4E52817345CF /* RelWithDebInfo */ = {
			isa = XCBuildConfiguration;
			buildSettings = {
				ALWAYS_SEARCH_USER_PATHS = NO;
				ARCHS = arm64;
				COMBINE_HIDPI_IMAGES = YES;
				GCC_GENERATE_DEBUGGING_SYMBOLS = YES;
				GCC_INLINES_ARE_PRIVATE_EXTERN = NO;
				GCC_OPTIMIZATION_LEVEL = 0;
				GCC_PREPROCESSOR_DEFINITIONS = (
					"'CMAKE_INTDIR=\"$(CONFIGURATION)$(EFFECTIVE_PLATFORM_NAME)\"'",
					"$(inherited)",
				);
				GCC_SYMBOLS_PRIVATE_EXTERN = NO;
				INSTALL_PATH = "";
				ONLY_ACTIVE_ARCH = NO;
				OTHER_LDFLAGS = " $(inherited)";
				OTHER_REZFLAGS = "";
				PRODUCT_NAME = ZERO_CHECK;
				SECTORDER_FLAGS = "";
				USE_HEADERMAP = NO;
				WARNING_CFLAGS = "$(inherited)";
			};
			name = RelWithDebInfo;
		};
/* End XCBuildConfiguration section */

/* Begin XCConfigurationList section */
		6859F224C8504CE3A3A74C89 /* Build configuration list for PBXAggregateTarget "ALL_BUILD" */ = {
			isa = XCConfigurationList;
			buildConfigurations = (
				D3D3376E0E8E454D8B2EDF63 /* Debug */,
				7AE22436B1394A55923A2938 /* Release */,
				3E65E681DB38428CA235E21E /* MinSizeRel */,
				BD9BDDD905964CC786FABA77 /* RelWithDebInfo */,
			);
			defaultConfigurationIsVisible = 0;
			defaultConfigurationName = Debug;
		};
		DC7F975393CD4876BD71EB37 /* Build configuration list for PBXProject "Jogo" */ = {
			isa = XCConfigurationList;
			buildConfigurations = (
				A7F73FD365EA4523A1C6F6F5 /* Debug */,
				7A2E32D03F014DAF9FDAA3A7 /* Release */,
				2DF4FDDB62A1481B9C45C1E5 /* MinSizeRel */,
				1B8CCD612E83419798BCB954 /* RelWithDebInfo */,
			);
			defaultConfigurationIsVisible = 0;
			defaultConfigurationName = Debug;
		};
		DFF28C17244E4A558229910C /* Build configuration list for PBXNativeTarget "main" */ = {
			isa = XCConfigurationList;
			buildConfigurations = (
				BA5599C7ED714952AC2F2101 /* Debug */,
				49511F38C0AE4A0E91259646 /* Release */,
				5B43B1D18A4C443899F9940A /* MinSizeRel */,
				735357D94B954AFEA192A847 /* RelWithDebInfo */,
			);
			defaultConfigurationIsVisible = 0;
			defaultConfigurationName = Debug;
		};
		FC40ECA559DB4AFBB6DB067D /* Build configuration list for PBXAggregateTarget "ZERO_CHECK" */ = {
			isa = XCConfigurationList;
			buildConfigurations = (
				4D79FDAB22274E628A815D19 /* Debug */,
				5BCB13441E9A441CA0592820 /* Release */,
				4F95A69918454C74AE52E096 /* MinSizeRel */,
				D703380B9B1F4E52817345CF /* RelWithDebInfo */,
			);
			defaultConfigurationIsVisible = 0;
			defaultConfigurationName = Debug;
		};
/* End XCConfigurationList section */
	};
	rootObject = DCD4239BB9234156B168F419 /* Project object */;
}
