// !$*UTF8*$!
{
	archiveVersion = 1;
	classes = {
	};
	objectVersion = 54;
	objects = {

/* Begin PBXAggregateTarget section */
		42BC39BDE240DFF12C5A56DE /* ZERO_CHECK */ = {
			isa = PBXAggregateTarget;
			buildConfigurationList = 5A64CD89CC3C4DA18EB021B6 /* Build configuration list for PBXAggregateTarget "ZERO_CHECK" */;
			buildPhases = (
				F8FED941F7682D2526D3075E /* Generate CMakeFiles/ZERO_CHECK */,
			);
			dependencies = (
			);
			name = ZERO_CHECK;
			productName = ZERO_CHECK;
		};
		4744A32384E4218747EEFD39 /* ALL_BUILD */ = {
			isa = PBXAggregateTarget;
			buildConfigurationList = C376ED326E274C35BAEA46B1 /* Build configuration list for PBXAggregateTarget "ALL_BUILD" */;
			buildPhases = (
				AD6E3E9877489E068D5BBBD3 /* Generate CMakeFiles/ALL_BUILD */,
			);
			dependencies = (
				833660788BF3428AA21A6D84 /* PBXTargetDependency */,
				6B496157ECAF45BFBC217305 /* PBXTargetDependency */,
			);
			name = ALL_BUILD;
			productName = ALL_BUILD;
		};
/* End PBXAggregateTarget section */

/* Begin PBXBuildFile section */
		1E846EB958CF493A83748FF2 /* Plataforma.cpp in Sources */ = {isa = PBXBuildFile; fileRef = 97009CA4D74141259562D67B /* Plataforma.cpp */; };
		44D5D07A2CAE4C57B9207C39 /* Morte.cpp in Sources */ = {isa = PBXBuildFile; fileRef = 74885EBB0D0F40AEB231EAF0 /* Morte.cpp */; };
		549892AF1C614377A811BF96 /* Fase.cpp in Sources */ = {isa = PBXBuildFile; fileRef = 8C50D8320B5840D5A99C0B4D /* Fase.cpp */; };
		626DCDCEEE054526B6B1DD80 /* FasePrimeira.cpp in Sources */ = {isa = PBXBuildFile; fileRef = 42A4110F8464436BB86D2DD4 /* FasePrimeira.cpp */; };
		70D0876ACF8545B0B70C9BE0 /* Jogo.cpp in Sources */ = {isa = PBXBuildFile; fileRef = B4029687EB5D441BB2B116A5 /* Jogo.cpp */; };
		70DF0FC0844844A09D8860E9 /* Demonio.cpp in Sources */ = {isa = PBXBuildFile; fileRef = 220322D4FE1E457586A5695F /* Demonio.cpp */; };
		8B7034360A7546FFA147AEBA /* Animation.cpp in Sources */ = {isa = PBXBuildFile; fileRef = 6D4CD9469F554AB7AC855A6B /* Animation.cpp */; };
		A2F56B9FB8B94CF6B7248AFE /* Arvore.cpp in Sources */ = {isa = PBXBuildFile; fileRef = 7E53EA3FD0AF48B893A83B55 /* Arvore.cpp */; };
		A563DA1B7F2C42A58EAA3E2C /* Limites.cpp in Sources */ = {isa = PBXBuildFile; fileRef = B65EB73EE36D4B93A98A57AE /* Limites.cpp */; };
		C7D41D6A8F384568803E3A8C /* ListaEntidades.cpp in Sources */ = {isa = PBXBuildFile; fileRef = C904898B7E10437B94C5351B /* ListaEntidades.cpp */; };
		C87F1F700ECE42FCA38FCD06 /* Personagem.cpp in Sources */ = {isa = PBXBuildFile; fileRef = FAE3216F741546338FFE935E /* Personagem.cpp */; };
		D417409C53DA408A8DEB601D /* Entidade.cpp in Sources */ = {isa = PBXBuildFile; fileRef = A92BD00FAAED49DE880EE8E9 /* Entidade.cpp */; };
		D8C651EF30E14CF6A855AC01 /* main.cpp in Sources */ = {isa = PBXBuildFile; fileRef = 848010D3F41B4C5E82CDE4FF /* main.cpp */; };
		D9C8377763304989A99879E2 /* Obstaculo.cpp in Sources */ = {isa = PBXBuildFile; fileRef = 11A77E1353C044B196D43ED3 /* Obstaculo.cpp */; };
		DB91CF13604649539616B0DF /* Inimigo.cpp in Sources */ = {isa = PBXBuildFile; fileRef = 3CD508E15B27431797E5C6C0 /* Inimigo.cpp */; };
		DBCBA46CA27C4082959FDE9B /* Jogador.cpp in Sources */ = {isa = PBXBuildFile; fileRef = FAAB5CFCF08349BEB34889B3 /* Jogador.cpp */; };
		DE30D89780C44F1CB91E450D /* Obst_Medio.cpp in Sources */ = {isa = PBXBuildFile; fileRef = B794CABC397A49C38F9486F8 /* Obst_Medio.cpp */; };
		E4F5E558DE384A07836D29C1 /* GerenciadorGrafico.cpp in Sources */ = {isa = PBXBuildFile; fileRef = F1844CE8CEA44DD3AFC5EC42 /* GerenciadorGrafico.cpp */; };
		EF7FA519E36D4A0B81F2B01B /* SingleFrameAnimation.cpp in Sources */ = {isa = PBXBuildFile; fileRef = 1BC16E6485EE411998536B6C /* SingleFrameAnimation.cpp */; };
		FD97E3089BDA47358C691B06 /* Ente.cpp in Sources */ = {isa = PBXBuildFile; fileRef = F69964FDB676480C860C9039 /* Ente.cpp */; };
		FDAA321A98874E099277223C /* GerenciadorColisoes.cpp in Sources */ = {isa = PBXBuildFile; fileRef = CE0F3CE266244E66B6ADB88A /* GerenciadorColisoes.cpp */; };
/* End PBXBuildFile section */

/* Begin PBXContainerItemProxy section */
		5328C514A6B1451A8EDEAA65 /* PBXContainerItemProxy */ = {
			isa = PBXContainerItemProxy;
			containerPortal = 4A5CAE9EF9E94DDCA91C2994 /* Project object */;
			proxyType = 1;
			remoteGlobalIDString = 42BC39BDE240DFF12C5A56DE;
			remoteInfo = ZERO_CHECK;
		};
		5F4CD52A55C041BF84B7936F /* PBXContainerItemProxy */ = {
			isa = PBXContainerItemProxy;
			containerPortal = 4A5CAE9EF9E94DDCA91C2994 /* Project object */;
			proxyType = 1;
			remoteGlobalIDString = 09180B84A58F0F386124BCEE;
			remoteInfo = main;
		};
		AB3588082D6E4403A0702251 /* PBXContainerItemProxy */ = {
			isa = PBXContainerItemProxy;
			containerPortal = 4A5CAE9EF9E94DDCA91C2994 /* Project object */;
			proxyType = 1;
			remoteGlobalIDString = 42BC39BDE240DFF12C5A56DE;
			remoteInfo = ZERO_CHECK;
		};
/* End PBXContainerItemProxy section */

/* Begin PBXFileReference section */
		070F7BF779ED4C01BA66C827 /* inutilizado2.png */ = {isa = PBXFileReference; fileEncoding = 4; lastKnownFileType = image; name = inutilizado2.png; path = assets/Morte/inutilizado2.png; sourceTree = SOURCE_ROOT; };
		0E6EDF496FAF43688EE2A475 /* HURT.png */ = {isa = PBXFileReference; fileEncoding = 4; lastKnownFileType = image; name = HURT.png; path = assets/Arvore/HURT.png; sourceTree = SOURCE_ROOT; };
		0EB099E86532423ABEFF44DF /* background.png */ = {isa = PBXFileReference; fileEncoding = 4; lastKnownFileType = image; name = background.png; path = assets/background.png; sourceTree = SOURCE_ROOT; };
		11A77E1353C044B196D43ED3 /* Obstaculo.cpp */ = {isa = PBXFileReference; explicitFileType = sourcecode.cpp.cpp; fileEncoding = 4; name = Obstaculo.cpp; path = src/Obstaculo.cpp; sourceTree = SOURCE_ROOT; };
		11A96FAA8C0F4299B189DDA1 /* Iprojetil.png */ = {isa = PBXFileReference; fileEncoding = 4; lastKnownFileType = image; name = Iprojetil.png; path = assets/Morte/Iprojetil.png; sourceTree = SOURCE_ROOT; };
		1BC16E6485EE411998536B6C /* SingleFrameAnimation.cpp */ = {isa = PBXFileReference; explicitFileType = sourcecode.cpp.cpp; fileEncoding = 4; name = SingleFrameAnimation.cpp; path = src/SingleFrameAnimation.cpp; sourceTree = SOURCE_ROOT; };
		1C7329B8D1EA41388386D23F /* Jogo.hpp */ = {isa = PBXFileReference; explicitFileType = sourcecode.cpp.h; fileEncoding = 4; name = Jogo.hpp; path = include/Jogo.hpp; sourceTree = SOURCE_ROOT; };
		1D97EFA04EE743A7959F8F47 /* FLYING.png */ = {isa = PBXFileReference; fileEncoding = 4; lastKnownFileType = image; name = FLYING.png; path = assets/Demonio/FLYING.png; sourceTree = SOURCE_ROOT; };
		220322D4FE1E457586A5695F /* Demonio.cpp */ = {isa = PBXFileReference; explicitFileType = sourcecode.cpp.cpp; fileEncoding = 4; name = Demonio.cpp; path = src/Demonio.cpp; sourceTree = SOURCE_ROOT; };
		246B1C117D3B4BDBB5EFB0C6 /* ATTACK 2.png */ = {isa = PBXFileReference; fileEncoding = 4; lastKnownFileType = image; name = "ATTACK 2.png"; path = "assets/Knight/ATTACK 2.png"; sourceTree = SOURCE_ROOT; };
		2D617670948C4112B2E88E43 /* Morte.hpp */ = {isa = PBXFileReference; explicitFileType = sourcecode.cpp.h; fileEncoding = 4; name = Morte.hpp; path = include/Morte.hpp; sourceTree = SOURCE_ROOT; };
		3A4FEF5F1D54468A8749594F /* SingleFrameAnimation.hpp */ = {isa = PBXFileReference; explicitFileType = sourcecode.cpp.h; fileEncoding = 4; name = SingleFrameAnimation.hpp; path = include/SingleFrameAnimation.hpp; sourceTree = SOURCE_ROOT; };
		3BE98BD49F9C4202A8448DC3 /* Ente.hpp */ = {isa = PBXFileReference; explicitFileType = sourcecode.cpp.h; fileEncoding = 4; name = Ente.hpp; path = include/Ente.hpp; sourceTree = SOURCE_ROOT; };
		3CD508E15B27431797E5C6C0 /* Inimigo.cpp */ = {isa = PBXFileReference; explicitFileType = sourcecode.cpp.cpp; fileEncoding = 4; name = Inimigo.cpp; path = src/Inimigo.cpp; sourceTree = SOURCE_ROOT; };
		42A4110F8464436BB86D2DD4 /* FasePrimeira.cpp */ = {isa = PBXFileReference; explicitFileType = sourcecode.cpp.cpp; fileEncoding = 4; name = FasePrimeira.cpp; path = src/FasePrimeira.cpp; sourceTree = SOURCE_ROOT; };
		44671C0312AE4FE7B1937FF0 /* HURT.png */ = {isa = PBXFileReference; fileEncoding = 4; lastKnownFileType = image; name = HURT.png; path = assets/Demonio/HURT.png; sourceTree = SOURCE_ROOT; };
		45DF1F768E3D4CA9850DC130 /* Fase.hpp */ = {isa = PBXFileReference; explicitFileType = sourcecode.cpp.h; fileEncoding = 4; name = Fase.hpp; path = include/Fase.hpp; sourceTree = SOURCE_ROOT; };
		490DBDA177D443D1A7AAA858 /* CMakeLists.txt */ = {isa = PBXFileReference; explicitFileType = sourcecode.text; fileEncoding = 4; lastKnownFileType = text; path = CMakeLists.txt; sourceTree = SOURCE_ROOT; };
		4A25205AACE54C149F34460B /* ATTACK 1.png */ = {isa = PBXFileReference; fileEncoding = 4; lastKnownFileType = image; name = "ATTACK 1.png"; path = "assets/Knight/ATTACK 1.png"; sourceTree = SOURCE_ROOT; };
		5D414477DFB14136BBBDEC42 /* main */ = {isa = PBXFileReference; explicitFileType = "compiled.mach-o.executable"; path = main; sourceTree = BUILT_PRODUCTS_DIR; };
		64B87A1F7FF64735A13B61D4 /* inutilizado.png */ = {isa = PBXFileReference; fileEncoding = 4; lastKnownFileType = image; name = inutilizado.png; path = assets/Morte/inutilizado.png; sourceTree = SOURCE_ROOT; };
		65D4CDACE7014943A7D74142 /* VectorTL.hpp */ = {isa = PBXFileReference; explicitFileType = sourcecode.cpp.h; fileEncoding = 4; name = VectorTL.hpp; path = include/VectorTL.hpp; sourceTree = SOURCE_ROOT; };
		65F29663DA6D44B1A42092B5 /* Limites.hpp */ = {isa = PBXFileReference; explicitFileType = sourcecode.cpp.h; fileEncoding = 4; name = Limites.hpp; path = include/Limites.hpp; sourceTree = SOURCE_ROOT; };
		69D55630C3114B6FBBF72B2D /* FLYING.png */ = {isa = PBXFileReference; fileEncoding = 4; lastKnownFileType = image; name = FLYING.png; path = assets/Morte/FLYING.png; sourceTree = SOURCE_ROOT; };
		6D4CD9469F554AB7AC855A6B /* Animation.cpp */ = {isa = PBXFileReference; explicitFileType = sourcecode.cpp.cpp; fileEncoding = 4; name = Animation.cpp; path = src/Animation.cpp; sourceTree = SOURCE_ROOT; };
		6EEE673599CC4F559D777DEF /* IDLE.png */ = {isa = PBXFileReference; fileEncoding = 4; lastKnownFileType = image; name = IDLE.png; path = assets/Demonio/IDLE.png; sourceTree = SOURCE_ROOT; };
		6EF0BCFA9143423C8895A990 /* GerenciadorColisoes.hpp */ = {isa = PBXFileReference; explicitFileType = sourcecode.cpp.h; fileEncoding = 4; name = GerenciadorColisoes.hpp; path = include/GerenciadorColisoes.hpp; sourceTree = SOURCE_ROOT; };
		70112BF4BA7D4DBF8C52F8E2 /* HURT.png */ = {isa = PBXFileReference; fileEncoding = 4; lastKnownFileType = image; name = HURT.png; path = assets/Knight/HURT.png; sourceTree = SOURCE_ROOT; };
		74885EBB0D0F40AEB231EAF0 /* Morte.cpp */ = {isa = PBXFileReference; explicitFileType = sourcecode.cpp.cpp; fileEncoding = 4; name = Morte.cpp; path = src/Morte.cpp; sourceTree = SOURCE_ROOT; };
		79A88146EC4B4D19B6F54C0D /* Plataforma.hpp */ = {isa = PBXFileReference; explicitFileType = sourcecode.cpp.h; fileEncoding = 4; name = Plataforma.hpp; path = include/Plataforma.hpp; sourceTree = SOURCE_ROOT; };
		7B06C165B850446CAD4A1D5C /* ATTACK 3.png */ = {isa = PBXFileReference; fileEncoding = 4; lastKnownFileType = image; name = "ATTACK 3.png"; path = "assets/Knight/ATTACK 3.png"; sourceTree = SOURCE_ROOT; };
		7D3155405FD44290BA18A7C7 /* Personagem.hpp */ = {isa = PBXFileReference; explicitFileType = sourcecode.cpp.h; fileEncoding = 4; name = Personagem.hpp; path = include/Personagem.hpp; sourceTree = SOURCE_ROOT; };
		7DCD6D74EC794E359EEB74DA /* Entidade.hpp */ = {isa = PBXFileReference; explicitFileType = sourcecode.cpp.h; fileEncoding = 4; name = Entidade.hpp; path = include/Entidade.hpp; sourceTree = SOURCE_ROOT; };
		7E53EA3FD0AF48B893A83B55 /* Arvore.cpp */ = {isa = PBXFileReference; explicitFileType = sourcecode.cpp.cpp; fileEncoding = 4; name = Arvore.cpp; path = src/Arvore.cpp; sourceTree = SOURCE_ROOT; };
		80F26CB7440A4963905C7FB6 /* DEATH.png */ = {isa = PBXFileReference; fileEncoding = 4; lastKnownFileType = image; name = DEATH.png; path = assets/Demonio/DEATH.png; sourceTree = SOURCE_ROOT; };
		82BB31115DBD4A51B5257A9E /* ListaEntidades.hpp */ = {isa = PBXFileReference; explicitFileType = sourcecode.cpp.h; fileEncoding = 4; name = ListaEntidades.hpp; path = include/ListaEntidades.hpp; sourceTree = SOURCE_ROOT; };
		848010D3F41B4C5E82CDE4FF /* main.cpp */ = {isa = PBXFileReference; explicitFileType = sourcecode.cpp.cpp; fileEncoding = 4; name = main.cpp; path = src/main.cpp; sourceTree = SOURCE_ROOT; };
		85A81AB411F746B9B75CE98A /* Individual Spike.png */ = {isa = PBXFileReference; fileEncoding = 4; lastKnownFileType = image; name = "Individual Spike.png"; path = "assets/Obstaculo/Individual Spike.png"; sourceTree = SOURCE_ROOT; };
		8C50D8320B5840D5A99C0B4D /* Fase.cpp */ = {isa = PBXFileReference; explicitFileType = sourcecode.cpp.cpp; fileEncoding = 4; name = Fase.cpp; path = src/Fase.cpp; sourceTree = SOURCE_ROOT; };
		8DAC12F1F0A847DFAAA3DDFC /* tronchungo3.png */ = {isa = PBXFileReference; fileEncoding = 4; lastKnownFileType = image; name = tronchungo3.png; path = assets/Arvore/tronchungo3.png; sourceTree = SOURCE_ROOT; };
		946C4B749CCE4FE09CDCBA76 /* CMakeLists.txt */ = {isa = PBXFileReference; explicitFileType = sourcecode.text; fileEncoding = 4; lastKnownFileType = text; path = CMakeLists.txt; sourceTree = SOURCE_ROOT; };
		96DA9D7A14714AFA8990D3A1 /* PROJETIL.png */ = {isa = PBXFileReference; fileEncoding = 4; lastKnownFileType = image; name = PROJETIL.png; path = assets/Morte/PROJETIL.png; sourceTree = SOURCE_ROOT; };
		97009CA4D74141259562D67B /* Plataforma.cpp */ = {isa = PBXFileReference; explicitFileType = sourcecode.cpp.cpp; fileEncoding = 4; name = Plataforma.cpp; path = src/Plataforma.cpp; sourceTree = SOURCE_ROOT; };
		98DBD22DA06B4339BC867660 /* Arvore.hpp */ = {isa = PBXFileReference; explicitFileType = sourcecode.cpp.h; fileEncoding = 4; name = Arvore.hpp; path = include/Arvore.hpp; sourceTree = SOURCE_ROOT; };
		9959487AF2934D3984C0BFFB /* GerenciadorGrafico.hpp */ = {isa = PBXFileReference; explicitFileType = sourcecode.cpp.h; fileEncoding = 4; name = GerenciadorGrafico.hpp; path = include/GerenciadorGrafico.hpp; sourceTree = SOURCE_ROOT; };
		A095EED710F144FC9B8F58F6 /* Jogador.hpp */ = {isa = PBXFileReference; explicitFileType = sourcecode.cpp.h; fileEncoding = 4; name = Jogador.hpp; path = include/Jogador.hpp; sourceTree = SOURCE_ROOT; };
		A1E5C2C8C563494D96A9AE49 /* Demonio.hpp */ = {isa = PBXFileReference; explicitFileType = sourcecode.cpp.h; fileEncoding = 4; name = Demonio.hpp; path = include/Demonio.hpp; sourceTree = SOURCE_ROOT; };
		A4F9CC45AD474163B6732229 /* IDLE.png */ = {isa = PBXFileReference; fileEncoding = 4; lastKnownFileType = image; name = IDLE.png; path = assets/Morte/IDLE.png; sourceTree = SOURCE_ROOT; };
		A92BD00FAAED49DE880EE8E9 /* Entidade.cpp */ = {isa = PBXFileReference; explicitFileType = sourcecode.cpp.cpp; fileEncoding = 4; name = Entidade.cpp; path = src/Entidade.cpp; sourceTree = SOURCE_ROOT; };
		AA8D2B7826684CB3A0C1E0E5 /* JUMP.png */ = {isa = PBXFileReference; fileEncoding = 4; lastKnownFileType = image; name = JUMP.png; path = assets/Knight/JUMP.png; sourceTree = SOURCE_ROOT; };
		B4029687EB5D441BB2B116A5 /* Jogo.cpp */ = {isa = PBXFileReference; explicitFileType = sourcecode.cpp.cpp; fileEncoding = 4; name = Jogo.cpp; path = src/Jogo.cpp; sourceTree = SOURCE_ROOT; };
		B65EB73EE36D4B93A98A57AE /* Limites.cpp */ = {isa = PBXFileReference; explicitFileType = sourcecode.cpp.cpp; fileEncoding = 4; name = Limites.cpp; path = src/Limites.cpp; sourceTree = SOURCE_ROOT; };
		B794CABC397A49C38F9486F8 /* Obst_Medio.cpp */ = {isa = PBXFileReference; explicitFileType = sourcecode.cpp.cpp; fileEncoding = 4; name = Obst_Medio.cpp; path = src/Obst_Medio.cpp; sourceTree = SOURCE_ROOT; };
		BA294FD676F94904814724A6 /* IDLE.png */ = {isa = PBXFileReference; fileEncoding = 4; lastKnownFileType = image; name = IDLE.png; path = assets/Knight/IDLE.png; sourceTree = SOURCE_ROOT; };
		BC7DB4C691364E72BBBFDDAC /* WALK.png */ = {isa = PBXFileReference; fileEncoding = 4; lastKnownFileType = image; name = WALK.png; path = assets/Knight/WALK.png; sourceTree = SOURCE_ROOT; };
		BE3D2F1813B24804A7BF8834 /* DEATH.png */ = {isa = PBXFileReference; fileEncoding = 4; lastKnownFileType = image; name = DEATH.png; path = assets/Knight/DEATH.png; sourceTree = SOURCE_ROOT; };
		C20EFA0F8EE94C4BB371B757 /* IDLE.png */ = {isa = PBXFileReference; fileEncoding = 4; lastKnownFileType = image; name = IDLE.png; path = assets/Arvore/IDLE.png; sourceTree = SOURCE_ROOT; };
		C82B2BE3C3B446AD932F782D /* Obst_Medio.hpp */ = {isa = PBXFileReference; explicitFileType = sourcecode.cpp.h; fileEncoding = 4; name = Obst_Medio.hpp; path = include/Obst_Medio.hpp; sourceTree = SOURCE_ROOT; };
		C840B8E3D5294B7F9B8D74F8 /* WALK.png */ = {isa = PBXFileReference; fileEncoding = 4; lastKnownFileType = image; name = WALK.png; path = assets/Arvore/WALK.png; sourceTree = SOURCE_ROOT; };
		C904898B7E10437B94C5351B /* ListaEntidades.cpp */ = {isa = PBXFileReference; explicitFileType = sourcecode.cpp.cpp; fileEncoding = 4; name = ListaEntidades.cpp; path = src/ListaEntidades.cpp; sourceTree = SOURCE_ROOT; };
		C92AA6400A5B413C9239A7D7 /* FasePrimeira.hpp */ = {isa = PBXFileReference; explicitFileType = sourcecode.cpp.h; fileEncoding = 4; name = FasePrimeira.hpp; path = include/FasePrimeira.hpp; sourceTree = SOURCE_ROOT; };
		CA49978974674E059A4CBA4A /* summon.png */ = {isa = PBXFileReference; fileEncoding = 4; lastKnownFileType = image; name = summon.png; path = assets/Morte/summon.png; sourceTree = SOURCE_ROOT; };
		CDFE48325A764054997C19A1 /* Animation.hpp */ = {isa = PBXFileReference; explicitFileType = sourcecode.cpp.h; fileEncoding = 4; name = Animation.hpp; path = include/Animation.hpp; sourceTree = SOURCE_ROOT; };
		CE0F3CE266244E66B6ADB88A /* GerenciadorColisoes.cpp */ = {isa = PBXFileReference; explicitFileType = sourcecode.cpp.cpp; fileEncoding = 4; name = GerenciadorColisoes.cpp; path = src/GerenciadorColisoes.cpp; sourceTree = SOURCE_ROOT; };
		D75BE873D883400890491039 /* death.png */ = {isa = PBXFileReference; fileEncoding = 4; lastKnownFileType = image; name = death.png; path = assets/Morte/death.png; sourceTree = SOURCE_ROOT; };
		E7F7CF25D326402E8DCD4ACE /* Inimigo.hpp */ = {isa = PBXFileReference; explicitFileType = sourcecode.cpp.h; fileEncoding = 4; name = Inimigo.hpp; path = include/Inimigo.hpp; sourceTree = SOURCE_ROOT; };
		F16028DAEEF1457483C82AA4 /* Obstaculo.hpp */ = {isa = PBXFileReference; explicitFileType = sourcecode.cpp.h; fileEncoding = 4; name = Obstaculo.hpp; path = include/Obstaculo.hpp; sourceTree = SOURCE_ROOT; };
		F1844CE8CEA44DD3AFC5EC42 /* GerenciadorGrafico.cpp */ = {isa = PBXFileReference; explicitFileType = sourcecode.cpp.cpp; fileEncoding = 4; name = GerenciadorGrafico.cpp; path = src/GerenciadorGrafico.cpp; sourceTree = SOURCE_ROOT; };
		F69964FDB676480C860C9039 /* Ente.cpp */ = {isa = PBXFileReference; explicitFileType = sourcecode.cpp.cpp; fileEncoding = 4; name = Ente.cpp; path = src/Ente.cpp; sourceTree = SOURCE_ROOT; };
		FA9771AFA9064A71AB492A06 /* ATTACK.png */ = {isa = PBXFileReference; fileEncoding = 4; lastKnownFileType = image; name = ATTACK.png; path = assets/Demonio/ATTACK.png; sourceTree = SOURCE_ROOT; };
		FAAB5CFCF08349BEB34889B3 /* Jogador.cpp */ = {isa = PBXFileReference; explicitFileType = sourcecode.cpp.cpp; fileEncoding = 4; name = Jogador.cpp; path = src/Jogador.cpp; sourceTree = SOURCE_ROOT; };
		FAE3216F741546338FFE935E /* Personagem.cpp */ = {isa = PBXFileReference; explicitFileType = sourcecode.cpp.cpp; fileEncoding = 4; name = Personagem.cpp; path = src/Personagem.cpp; sourceTree = SOURCE_ROOT; };
		FB153D6AE6924D87A3BEE9AF /* PROJETIL_SPAWN.png */ = {isa = PBXFileReference; fileEncoding = 4; lastKnownFileType = image; name = PROJETIL_SPAWN.png; path = assets/Morte/PROJETIL_SPAWN.png; sourceTree = SOURCE_ROOT; };
		FC0097B983024F9A970BDCD1 /* RUN.png */ = {isa = PBXFileReference; fileEncoding = 4; lastKnownFileType = image; name = RUN.png; path = assets/Knight/RUN.png; sourceTree = SOURCE_ROOT; };
		FD5436ED4D2E43EA97CF9702 /* ListTL.hpp */ = {isa = PBXFileReference; explicitFileType = sourcecode.cpp.h; fileEncoding = 4; name = ListTL.hpp; path = include/ListTL.hpp; sourceTree = SOURCE_ROOT; };
/* End PBXFileReference section */

/* Begin PBXFrameworksBuildPhase section */
		DF233AA920B5479D9E99863A /* Frameworks */ = {
			isa = PBXFrameworksBuildPhase;
			buildActionMask = 2147483647;
			files = (
			);
			runOnlyForDeploymentPostprocessing = 0;
		};
/* End PBXFrameworksBuildPhase section */

/* Begin PBXGroup section */
		001020FB26414EF7AB574D69 /* Morte */ = {
			isa = PBXGroup;
			children = (
				69D55630C3114B6FBBF72B2D /* FLYING.png */,
				A4F9CC45AD474163B6732229 /* IDLE.png */,
				11A96FAA8C0F4299B189DDA1 /* Iprojetil.png */,
				96DA9D7A14714AFA8990D3A1 /* PROJETIL.png */,
				FB153D6AE6924D87A3BEE9AF /* PROJETIL_SPAWN.png */,
				D75BE873D883400890491039 /* death.png */,
				64B87A1F7FF64735A13B61D4 /* inutilizado.png */,
				070F7BF779ED4C01BA66C827 /* inutilizado2.png */,
				CA49978974674E059A4CBA4A /* summon.png */,
			);
			name = Morte;
			sourceTree = "<group>";
		};
		01D0FD0CAFFE47B1828E4F93 /* Resources */ = {
			isa = PBXGroup;
			children = (
			);
			name = Resources;
			sourceTree = "<group>";
		};
		3A3C4F74F7B342ACA0A4D50F /* Sources */ = {
			isa = PBXGroup;
			children = (
				6D4CD9469F554AB7AC855A6B /* Animation.cpp */,
				7E53EA3FD0AF48B893A83B55 /* Arvore.cpp */,
				220322D4FE1E457586A5695F /* Demonio.cpp */,
				F69964FDB676480C860C9039 /* Ente.cpp */,
				A92BD00FAAED49DE880EE8E9 /* Entidade.cpp */,
				8C50D8320B5840D5A99C0B4D /* Fase.cpp */,
				42A4110F8464436BB86D2DD4 /* FasePrimeira.cpp */,
				CE0F3CE266244E66B6ADB88A /* GerenciadorColisoes.cpp */,
				F1844CE8CEA44DD3AFC5EC42 /* GerenciadorGrafico.cpp */,
				3CD508E15B27431797E5C6C0 /* Inimigo.cpp */,
				FAAB5CFCF08349BEB34889B3 /* Jogador.cpp */,
				B4029687EB5D441BB2B116A5 /* Jogo.cpp */,
				B65EB73EE36D4B93A98A57AE /* Limites.cpp */,
				C904898B7E10437B94C5351B /* ListaEntidades.cpp */,
				74885EBB0D0F40AEB231EAF0 /* Morte.cpp */,
				B794CABC397A49C38F9486F8 /* Obst_Medio.cpp */,
				11A77E1353C044B196D43ED3 /* Obstaculo.cpp */,
				FAE3216F741546338FFE935E /* Personagem.cpp */,
				97009CA4D74141259562D67B /* Plataforma.cpp */,
				1BC16E6485EE411998536B6C /* SingleFrameAnimation.cpp */,
				848010D3F41B4C5E82CDE4FF /* main.cpp */,
			);
			name = Sources;
			sourceTree = "<group>";
		};
		400EC144B97141C3935A3FB0 /* Assets */ = {
			isa = PBXGroup;
			children = (
				B133F4F6C87A45D4B4622C32 /* Arvore */,
				9319502B9352409EB88B1D1F /* Demonio */,
				AC662A292D454E90AB986B85 /* Knight */,
				001020FB26414EF7AB574D69 /* Morte */,
				4E99B132189244DD98077167 /* Obstaculo */,
				0EB099E86532423ABEFF44DF /* background.png */,
			);
			name = Assets;
			sourceTree = "<group>";
		};
		4E99B132189244DD98077167 /* Obstaculo */ = {
			isa = PBXGroup;
			children = (
				85A81AB411F746B9B75CE98A /* Individual Spike.png */,
			);
			name = Obstaculo;
			sourceTree = "<group>";
		};
		518BA2128BAE4FE290AB7A47 /* Headers */ = {
			isa = PBXGroup;
			children = (
				CDFE48325A764054997C19A1 /* Animation.hpp */,
				98DBD22DA06B4339BC867660 /* Arvore.hpp */,
				A1E5C2C8C563494D96A9AE49 /* Demonio.hpp */,
				3BE98BD49F9C4202A8448DC3 /* Ente.hpp */,
				7DCD6D74EC794E359EEB74DA /* Entidade.hpp */,
				45DF1F768E3D4CA9850DC130 /* Fase.hpp */,
				C92AA6400A5B413C9239A7D7 /* FasePrimeira.hpp */,
				6EF0BCFA9143423C8895A990 /* GerenciadorColisoes.hpp */,
				9959487AF2934D3984C0BFFB /* GerenciadorGrafico.hpp */,
				E7F7CF25D326402E8DCD4ACE /* Inimigo.hpp */,
				A095EED710F144FC9B8F58F6 /* Jogador.hpp */,
				1C7329B8D1EA41388386D23F /* Jogo.hpp */,
				65F29663DA6D44B1A42092B5 /* Limites.hpp */,
				FD5436ED4D2E43EA97CF9702 /* ListTL.hpp */,
				82BB31115DBD4A51B5257A9E /* ListaEntidades.hpp */,
				2D617670948C4112B2E88E43 /* Morte.hpp */,
				C82B2BE3C3B446AD932F782D /* Obst_Medio.hpp */,
				F16028DAEEF1457483C82AA4 /* Obstaculo.hpp */,
				7D3155405FD44290BA18A7C7 /* Personagem.hpp */,
				79A88146EC4B4D19B6F54C0D /* Plataforma.hpp */,
				3A4FEF5F1D54468A8749594F /* SingleFrameAnimation.hpp */,
				65D4CDACE7014943A7D74142 /* VectorTL.hpp */,
			);
			name = Headers;
			sourceTree = "<group>";
		};
		597E15B9966D4B4E92B53D6D = {
			isa = PBXGroup;
			children = (
				70BB3EABE58F4D979044151D /* ALL_BUILD */,
				806A0B634456433F9CABBC1D /* main */,
				A263E1146B7048969B75DA7D /* Products */,
				DB53283A9463429FAFA73E32 /* Frameworks */,
				01D0FD0CAFFE47B1828E4F93 /* Resources */,
			);
			sourceTree = "<group>";
		};
		70BB3EABE58F4D979044151D /* ALL_BUILD */ = {
			isa = PBXGroup;
			children = (
				E2E43F4F86524443BCB1DFEA /* CMake Rules */,
				490DBDA177D443D1A7AAA858 /* CMakeLists.txt */,
			);
			name = ALL_BUILD;
			sourceTree = "<group>";
		};
		806A0B634456433F9CABBC1D /* main */ = {
			isa = PBXGroup;
			children = (
				400EC144B97141C3935A3FB0 /* Assets */,
				518BA2128BAE4FE290AB7A47 /* Headers */,
				3A3C4F74F7B342ACA0A4D50F /* Sources */,
				946C4B749CCE4FE09CDCBA76 /* CMakeLists.txt */,
			);
			name = main;
			sourceTree = "<group>";
		};
		9319502B9352409EB88B1D1F /* Demonio */ = {
			isa = PBXGroup;
			children = (
				FA9771AFA9064A71AB492A06 /* ATTACK.png */,
				80F26CB7440A4963905C7FB6 /* DEATH.png */,
				1D97EFA04EE743A7959F8F47 /* FLYING.png */,
				44671C0312AE4FE7B1937FF0 /* HURT.png */,
				6EEE673599CC4F559D777DEF /* IDLE.png */,
			);
			name = Demonio;
			sourceTree = "<group>";
		};
		A263E1146B7048969B75DA7D /* Products */ = {
			isa = PBXGroup;
			children = (
				5D414477DFB14136BBBDEC42 /* main */,
			);
			name = Products;
			sourceTree = "<group>";
		};
		AC662A292D454E90AB986B85 /* Knight */ = {
			isa = PBXGroup;
			children = (
				4A25205AACE54C149F34460B /* ATTACK 1.png */,
				246B1C117D3B4BDBB5EFB0C6 /* ATTACK 2.png */,
				7B06C165B850446CAD4A1D5C /* ATTACK 3.png */,
				BE3D2F1813B24804A7BF8834 /* DEATH.png */,
				70112BF4BA7D4DBF8C52F8E2 /* HURT.png */,
				BA294FD676F94904814724A6 /* IDLE.png */,
				AA8D2B7826684CB3A0C1E0E5 /* JUMP.png */,
				FC0097B983024F9A970BDCD1 /* RUN.png */,
				BC7DB4C691364E72BBBFDDAC /* WALK.png */,
			);
			name = Knight;
			sourceTree = "<group>";
		};
		B133F4F6C87A45D4B4622C32 /* Arvore */ = {
			isa = PBXGroup;
			children = (
				0E6EDF496FAF43688EE2A475 /* HURT.png */,
				C20EFA0F8EE94C4BB371B757 /* IDLE.png */,
				C840B8E3D5294B7F9B8D74F8 /* WALK.png */,
				8DAC12F1F0A847DFAAA3DDFC /* tronchungo3.png */,
			);
			name = Arvore;
			sourceTree = "<group>";
		};
		DB53283A9463429FAFA73E32 /* Frameworks */ = {
			isa = PBXGroup;
			children = (
			);
			name = Frameworks;
			sourceTree = "<group>";
		};
		E2E43F4F86524443BCB1DFEA /* CMake Rules */ = {
			isa = PBXGroup;
			children = (
			);
			name = "CMake Rules";
			sourceTree = "<group>";
		};
/* End PBXGroup section */

/* Begin PBXNativeTarget section */
		09180B84A58F0F386124BCEE /* main */ = {
			isa = PBXNativeTarget;
			buildConfigurationList = 48CBC2DE9E2B41AB8403EBC4 /* Build configuration list for PBXNativeTarget "main" */;
			buildPhases = (
				DF43C6503A264EE5A42D9725 /* Sources */,
				DF233AA920B5479D9E99863A /* Frameworks */,
			);
			buildRules = (
			);
			dependencies = (
				6049D65C4A904FF2B21B2284 /* PBXTargetDependency */,
			);
			name = main;
			productName = main;
			productReference = 5D414477DFB14136BBBDEC42 /* main */;
			productType = "com.apple.product-type.tool";
		};
/* End PBXNativeTarget section */

/* Begin PBXProject section */
		4A5CAE9EF9E94DDCA91C2994 /* Project object */ = {
			isa = PBXProject;
			attributes = {
				LastUpgradeCheck = 2650;
			};
			buildConfigurationList = 14260BAF414B4E50A4E706CA /* Build configuration list for PBXProject "Jogo" */;
			compatibilityVersion = "Xcode 3.2";
			developmentRegion = en;
			hasScannedForEncodings = 0;
			knownRegions = (
				en,
				Base,
			);
			mainGroup = 597E15B9966D4B4E92B53D6D;
			projectDirPath = "";
			projectRoot = "";
			targets = (
				4744A32384E4218747EEFD39 /* ALL_BUILD */,
				09180B84A58F0F386124BCEE /* main */,
				42BC39BDE240DFF12C5A56DE /* ZERO_CHECK */,
			);
		};
/* End PBXProject section */

/* Begin PBXShellScriptBuildPhase section */
		AD6E3E9877489E068D5BBBD3 /* Generate CMakeFiles/ALL_BUILD */ = {
			isa = PBXShellScriptBuildPhase;
			alwaysOutOfDate = 1;
			buildActionMask = 2147483647;
			files = (
			);
			inputPaths = (
			);
			name = "Generate CMakeFiles/ALL_BUILD";
			outputPaths = (
				/Users/shiobara/Documents/jogotecprog/CMakeFiles/ALL_BUILD,
			);
			runOnlyForDeploymentPostprocessing = 0;
			shellPath = /bin/sh;
			shellScript = "set -e\nif test \"$CONFIGURATION\" = \"Debug\"; then :\n  cd /Users/shiobara/Documents/jogotecprog\n  echo Build\\ all\\ projects\nfi\nif test \"$CONFIGURATION\" = \"Release\"; then :\n  cd /Users/shiobara/Documents/jogotecprog\n  echo Build\\ all\\ projects\nfi\nif test \"$CONFIGURATION\" = \"MinSizeRel\"; then :\n  cd /Users/shiobara/Documents/jogotecprog\n  echo Build\\ all\\ projects\nfi\nif test \"$CONFIGURATION\" = \"RelWithDebInfo\"; then :\n  cd /Users/shiobara/Documents/jogotecprog\n  echo Build\\ all\\ projects\nfi\n";
			showEnvVarsInLog = 0;
		};
		F8FED941F7682D2526D3075E /* Generate CMakeFiles/ZERO_CHECK */ = {
			isa = PBXShellScriptBuildPhase;
			alwaysOutOfDate = 1;
			buildActionMask = 2147483647;
			files = (
			);
			inputPaths = (
			);
			name = "Generate CMakeFiles/ZERO_CHECK";
			outputPaths = (
				/Users/shiobara/Documents/jogotecprog/CMakeFiles/ZERO_CHECK,
			);
			runOnlyForDeploymentPostprocessing = 0;
			shellPath = /bin/sh;
			shellScript = "set -e\nif test \"$CONFIGURATION\" = \"Debug\"; then :\n  cd /Users/shiobara/Documents/jogotecprog\n  make -f /Users/shiobara/Documents/jogotecprog/CMakeScripts/ReRunCMake.make\nfi\nif test \"$CONFIGURATION\" = \"Release\"; then :\n  cd /Users/shiobara/Documents/jogotecprog\n  make -f /Users/shiobara/Documents/jogotecprog/CMakeScripts/ReRunCMake.make\nfi\nif test \"$CONFIGURATION\" = \"MinSizeRel\"; then :\n  cd /Users/shiobara/Documents/jogotecprog\n  make -f /Users/shiobara/Documents/jogotecprog/CMakeScripts/ReRunCMake.make\nfi\nif test \"$CONFIGURATION\" = \"RelWithDebInfo\"; then :\n  cd /Users/shiobara/Documents/jogotecprog\n  make -f /Users/shiobara/Documents/jogotecprog/CMakeScripts/ReRunCMake.make\nfi\n";
			showEnvVarsInLog = 0;
		};
/* End PBXShellScriptBuildPhase section */

/* Begin PBXSourcesBuildPhase section */
		DF43C6503A264EE5A42D9725 /* Sources */ = {
			isa = PBXSourcesBuildPhase;
			buildActionMask = 2147483647;
			files = (
				8B7034360A7546FFA147AEBA /* Animation.cpp in Sources */,
				A2F56B9FB8B94CF6B7248AFE /* Arvore.cpp in Sources */,
				70DF0FC0844844A09D8860E9 /* Demonio.cpp in Sources */,
				FD97E3089BDA47358C691B06 /* Ente.cpp in Sources */,
				D417409C53DA408A8DEB601D /* Entidade.cpp in Sources */,
				549892AF1C614377A811BF96 /* Fase.cpp in Sources */,
				626DCDCEEE054526B6B1DD80 /* FasePrimeira.cpp in Sources */,
				FDAA321A98874E099277223C /* GerenciadorColisoes.cpp in Sources */,
				E4F5E558DE384A07836D29C1 /* GerenciadorGrafico.cpp in Sources */,
				DB91CF13604649539616B0DF /* Inimigo.cpp in Sources */,
				DBCBA46CA27C4082959FDE9B /* Jogador.cpp in Sources */,
				70D0876ACF8545B0B70C9BE0 /* Jogo.cpp in Sources */,
				A563DA1B7F2C42A58EAA3E2C /* Limites.cpp in Sources */,
				C7D41D6A8F384568803E3A8C /* ListaEntidades.cpp in Sources */,
				44D5D07A2CAE4C57B9207C39 /* Morte.cpp in Sources */,
				DE30D89780C44F1CB91E450D /* Obst_Medio.cpp in Sources */,
				D9C8377763304989A99879E2 /* Obstaculo.cpp in Sources */,
				C87F1F700ECE42FCA38FCD06 /* Personagem.cpp in Sources */,
				1E846EB958CF493A83748FF2 /* Plataforma.cpp in Sources */,
				EF7FA519E36D4A0B81F2B01B /* SingleFrameAnimation.cpp in Sources */,
				D8C651EF30E14CF6A855AC01 /* main.cpp in Sources */,
			);
			runOnlyForDeploymentPostprocessing = 0;
		};
/* End PBXSourcesBuildPhase section */

/* Begin PBXTargetDependency section */
		6049D65C4A904FF2B21B2284 /* PBXTargetDependency */ = {
			isa = PBXTargetDependency;
			target = 42BC39BDE240DFF12C5A56DE /* ZERO_CHECK */;
			targetProxy = 5328C514A6B1451A8EDEAA65 /* PBXContainerItemProxy */;
		};
		6B496157ECAF45BFBC217305 /* PBXTargetDependency */ = {
			isa = PBXTargetDependency;
			target = 42BC39BDE240DFF12C5A56DE /* ZERO_CHECK */;
			targetProxy = AB3588082D6E4403A0702251 /* PBXContainerItemProxy */;
		};
		833660788BF3428AA21A6D84 /* PBXTargetDependency */ = {
			isa = PBXTargetDependency;
			target = 09180B84A58F0F386124BCEE /* main */;
			targetProxy = 5F4CD52A55C041BF84B7936F /* PBXContainerItemProxy */;
		};
/* End PBXTargetDependency section */

/* Begin XCBuildConfiguration section */
		140B4A33936049FEBEEACFF7 /* Debug */ = {
			isa = XCBuildConfiguration;
			buildSettings = {
				ALWAYS_SEARCH_USER_PATHS = NO;
				ARCHS = arm64;
				COMBINE_HIDPI_IMAGES = YES;
				CONFIGURATION_BUILD_DIR = /Users/shiobara/Documents/jogotecprog/Debug;
				EXECUTABLE_PREFIX = "";
				EXECUTABLE_SUFFIX = "";
				GCC_GENERATE_DEBUGGING_SYMBOLS = YES;
				GCC_INLINES_ARE_PRIVATE_EXTERN = NO;
				GCC_OPTIMIZATION_LEVEL = 0;
				GCC_PREPROCESSOR_DEFINITIONS = (
					"'CMAKE_INTDIR=\"$(CONFIGURATION)$(EFFECTIVE_PLATFORM_NAME)\"'",
					"$(inherited)",
				);
				GCC_SYMBOLS_PRIVATE_EXTERN = NO;
				HEADER_SEARCH_PATHS = (
					/Users/shiobara/Documents/jogotecprog/include,
					"$(inherited)",
				);
				INSTALL_PATH = "";
				LD_RUNPATH_SEARCH_PATHS = (
					/opt/homebrew/lib,
					"$(inherited)",
				);
				ONLY_ACTIVE_ARCH = NO;
				OTHER_CPLUSPLUSFLAGS = "   '-std=gnu++17' ";
				OTHER_LDFLAGS = (
					"-Wl,-search_paths_first",
					"-Wl,-headerpad_max_install_names",
					"/opt/homebrew/lib/libsfml-graphics.2.6.2.dylib",
					"/opt/homebrew/lib/libsfml-window.2.6.2.dylib",
					"/opt/homebrew/lib/libsfml-system.2.6.2.dylib",
					"$(inherited)",
				);
				OTHER_REZFLAGS = "";
				PRODUCT_NAME = main;
				SECTORDER_FLAGS = "";
				SYSTEM_HEADER_SEARCH_PATHS = (
					/opt/homebrew/include,
					"$(inherited)",
				);
				TARGET_TEMP_DIR = "/Users/shiobara/Documents/jogotecprog/build/main.build/$(CONFIGURATION)$(EFFECTIVE_PLATFORM_NAME)";
				USE_HEADERMAP = NO;
				WARNING_CFLAGS = "$(inherited)";
			};
			name = Debug;
		};
		20997176E4A14E38A5A6EC27 /* Release */ = {
			isa = XCBuildConfiguration;
			buildSettings = {
				ALWAYS_SEARCH_USER_PATHS = NO;
				ARCHS = arm64;
				COMBINE_HIDPI_IMAGES = YES;
				CONFIGURATION_BUILD_DIR = /Users/shiobara/Documents/jogotecprog/Release;
				EXECUTABLE_PREFIX = "";
				EXECUTABLE_SUFFIX = "";
				GCC_GENERATE_DEBUGGING_SYMBOLS = NO;
				GCC_INLINES_ARE_PRIVATE_EXTERN = NO;
				GCC_OPTIMIZATION_LEVEL = 3;
				GCC_PREPROCESSOR_DEFINITIONS = (
					"'CMAKE_INTDIR=\"$(CONFIGURATION)$(EFFECTIVE_PLATFORM_NAME)\"'",
					"$(inherited)",
				);
				GCC_SYMBOLS_PRIVATE_EXTERN = NO;
				HEADER_SEARCH_PATHS = (
					/Users/shiobara/Documents/jogotecprog/include,
					"$(inherited)",
				);
				INSTALL_PATH = "";
				LD_RUNPATH_SEARCH_PATHS = (
					/opt/homebrew/lib,
					"$(inherited)",
				);
				ONLY_ACTIVE_ARCH = NO;
				OTHER_CPLUSPLUSFLAGS = (
					"-DNDEBUG",
					"'-std=gnu++17'",
				);
				OTHER_LDFLAGS = (
					"-Wl,-search_paths_first",
					"-Wl,-headerpad_max_install_names",
					"/opt/homebrew/lib/libsfml-graphics.2.6.2.dylib",
					"/opt/homebrew/lib/libsfml-window.2.6.2.dylib",
					"/opt/homebrew/lib/libsfml-system.2.6.2.dylib",
					"$(inherited)",
				);
				OTHER_REZFLAGS = "";
				PRODUCT_NAME = main;
				SECTORDER_FLAGS = "";
				SYSTEM_HEADER_SEARCH_PATHS = (
					/opt/homebrew/include,
					"$(inherited)",
				);
				TARGET_TEMP_DIR = "/Users/shiobara/Documents/jogotecprog/build/main.build/$(CONFIGURATION)$(EFFECTIVE_PLATFORM_NAME)";
				USE_HEADERMAP = NO;
				WARNING_CFLAGS = "$(inherited)";
			};
			name = Release;
		};
		25DCC66D7EE548BE933DEF35 /* Release */ = {
			isa = XCBuildConfiguration;
			buildSettings = {
				ALWAYS_SEARCH_USER_PATHS = NO;
				ARCHS = arm64;
				COMBINE_HIDPI_IMAGES = YES;
				GCC_GENERATE_DEBUGGING_SYMBOLS = YES;
				GCC_INLINES_ARE_PRIVATE_EXTERN = NO;
				GCC_OPTIMIZATION_LEVEL = 0;
				GCC_PREPROCESSOR_DEFINITIONS = (
					"'CMAKE_INTDIR=\"$(CONFIGURATION)$(EFFECTIVE_PLATFORM_NAME)\"'",
					"$(inherited)",
				);
				GCC_SYMBOLS_PRIVATE_EXTERN = NO;
				INSTALL_PATH = "";
				ONLY_ACTIVE_ARCH = NO;
				OTHER_LDFLAGS = " $(inherited)";
				OTHER_REZFLAGS = "";
				PRODUCT_NAME = ALL_BUILD;
				SECTORDER_FLAGS = "";
				USE_HEADERMAP = NO;
				WARNING_CFLAGS = "$(inherited)";
			};
			name = Release;
		};
		30611DEAD0AD42D3B0B8B62C /* Debug */ = {
			isa = XCBuildConfiguration;
			buildSettings = {
				ARCHS = arm64;
				SDKROOT = "";
				SYMROOT = /Users/shiobara/Documents/jogotecprog/build;
			};
			name = Debug;
		};
		3F34EA6C49AB4B6187877FF9 /* MinSizeRel */ = {
			isa = XCBuildConfiguration;
			buildSettings = {
				ARCHS = arm64;
				SDKROOT = "";
				SWIFT_COMPILATION_MODE = wholemodule;
				SYMROOT = /Users/shiobara/Documents/jogotecprog/build;
			};
			name = MinSizeRel;
		};
		66FD9B7259D148F68AC428BA /* Debug */ = {
			isa = XCBuildConfiguration;
			buildSettings = {
				ALWAYS_SEARCH_USER_PATHS = NO;
				ARCHS = arm64;
				COMBINE_HIDPI_IMAGES = YES;
				GCC_GENERATE_DEBUGGING_SYMBOLS = YES;
				GCC_INLINES_ARE_PRIVATE_EXTERN = NO;
				GCC_OPTIMIZATION_LEVEL = 0;
				GCC_PREPROCESSOR_DEFINITIONS = (
					"'CMAKE_INTDIR=\"$(CONFIGURATION)$(EFFECTIVE_PLATFORM_NAME)\"'",
					"$(inherited)",
				);
				GCC_SYMBOLS_PRIVATE_EXTERN = NO;
				INSTALL_PATH = "";
				ONLY_ACTIVE_ARCH = NO;
				OTHER_LDFLAGS = " $(inherited)";
				OTHER_REZFLAGS = "";
				PRODUCT_NAME = ZERO_CHECK;
				SECTORDER_FLAGS = "";
				USE_HEADERMAP = NO;
				WARNING_CFLAGS = "$(inherited)";
			};
			name = Debug;
		};
		75A8DBC2037F442B8D412C8B /* Release */ = {
			isa = XCBuildConfiguration;
			buildSettings = {
				ARCHS = arm64;
				SDKROOT = "";
				SWIFT_COMPILATION_MODE = wholemodule;
				SYMROOT = /Users/shiobara/Documents/jogotecprog/build;
			};
			name = Release;
		};
		767F68761EE44F8F889E2829 /* Debug */ = {
			isa = XCBuildConfiguration;
			buildSettings = {
				ALWAYS_SEARCH_USER_PATHS = NO;
				ARCHS = arm64;
				COMBINE_HIDPI_IMAGES = YES;
				GCC_GENERATE_DEBUGGING_SYMBOLS = YES;
				GCC_INLINES_ARE_PRIVATE_EXTERN = NO;
				GCC_OPTIMIZATION_LEVEL = 0;
				GCC_PREPROCESSOR_DEFINITIONS = (
					"'CMAKE_INTDIR=\"$(CONFIGURATION)$(EFFECTIVE_PLATFORM_NAME)\"'",
					"$(inherited)",
				);
				GCC_SYMBOLS_PRIVATE_EXTERN = NO;
				INSTALL_PATH = "";
				ONLY_ACTIVE_ARCH = NO;
				OTHER_LDFLAGS = " $(inherited)";
				OTHER_REZFLAGS = "";
				PRODUCT_NAME = ALL_BUILD;
				SECTORDER_FLAGS = "";
				USE_HEADERMAP = NO;
				WARNING_CFLAGS = "$(inherited)";
			};
			name = Debug;
		};
		79D80583952D4C58B4D2336F /* RelWithDebInfo */ = {
			isa = XCBuildConfiguration;
			buildSettings = {
				ARCHS = arm64;
				SDKROOT = "";
				SWIFT_COMPILATION_MODE = wholemodule;
				SYMROOT = /Users/shiobara/Documents/jogotecprog/build;
			};
			name = RelWithDebInfo;
		};
		8DA5E688C22C48E38669258E /* RelWithDebInfo */ = {
			isa = XCBuildConfiguration;
			buildSettings = {
				ALWAYS_SEARCH_USER_PATHS = NO;
				ARCHS = arm64;
				COMBINE_HIDPI_IMAGES = YES;
				CONFIGURATION_BUILD_DIR = /Users/shiobara/Documents/jogotecprog/RelWithDebInfo;
				EXECUTABLE_PREFIX = "";
				EXECUTABLE_SUFFIX = "";
				GCC_GENERATE_DEBUGGING_SYMBOLS = YES;
				GCC_INLINES_ARE_PRIVATE_EXTERN = NO;
				GCC_OPTIMIZATION_LEVEL = 2;
				GCC_PREPROCESSOR_DEFINITIONS = (
					"'CMAKE_INTDIR=\"$(CONFIGURATION)$(EFFECTIVE_PLATFORM_NAME)\"'",
					"$(inherited)",
				);
				GCC_SYMBOLS_PRIVATE_EXTERN = NO;
				HEADER_SEARCH_PATHS = (
					/Users/shiobara/Documents/jogotecprog/include,
					"$(inherited)",
				);
				INSTALL_PATH = "";
				LD_RUNPATH_SEARCH_PATHS = (
					/opt/homebrew/lib,
					"$(inherited)",
				);
				ONLY_ACTIVE_ARCH = NO;
				OTHER_CPLUSPLUSFLAGS = (
					"-DNDEBUG",
					"'-std=gnu++17'",
				);
				OTHER_LDFLAGS = (
					"-Wl,-search_paths_first",
					"-Wl,-headerpad_max_install_names",
					"/opt/homebrew/lib/libsfml-graphics.2.6.2.dylib",
					"/opt/homebrew/lib/libsfml-window.2.6.2.dylib",
					"/opt/homebrew/lib/libsfml-system.2.6.2.dylib",
					"$(inherited)",
				);
				OTHER_REZFLAGS = "";
				PRODUCT_NAME = main;
				SECTORDER_FLAGS = "";
				SYSTEM_HEADER_SEARCH_PATHS = (
					/opt/homebrew/include,
					"$(inherited)",
				);
				TARGET_TEMP_DIR = "/Users/shiobara/Documents/jogotecprog/build/main.build/$(CONFIGURATION)$(EFFECTIVE_PLATFORM_NAME)";
				USE_HEADERMAP = NO;
				WARNING_CFLAGS = "$(inherited)";
			};
			name = RelWithDebInfo;
		};
		C91ABF4C553343C6AABD807B /* MinSizeRel */ = {
			isa = XCBuildConfiguration;
			buildSettings = {
				ALWAYS_SEARCH_USER_PATHS = NO;
				ARCHS = arm64;
				COMBINE_HIDPI_IMAGES = YES;
				GCC_GENERATE_DEBUGGING_SYMBOLS = YES;
				GCC_INLINES_ARE_PRIVATE_EXTERN = NO;
				GCC_OPTIMIZATION_LEVEL = 0;
				GCC_PREPROCESSOR_DEFINITIONS = (
					"'CMAKE_INTDIR=\"$(CONFIGURATION)$(EFFECTIVE_PLATFORM_NAME)\"'",
					"$(inherited)",
				);
				GCC_SYMBOLS_PRIVATE_EXTERN = NO;
				INSTALL_PATH = "";
				ONLY_ACTIVE_ARCH = NO;
				OTHER_LDFLAGS = " $(inherited)";
				OTHER_REZFLAGS = "";
				PRODUCT_NAME = ALL_BUILD;
				SECTORDER_FLAGS = "";
				USE_HEADERMAP = NO;
				WARNING_CFLAGS = "$(inherited)";
			};
			name = MinSizeRel;
		};
		D2FA54FD67BA4666A60EB6B3 /* MinSizeRel */ = {
			isa = XCBuildConfiguration;
			buildSettings = {
				ALWAYS_SEARCH_USER_PATHS = NO;
				ARCHS = arm64;
				COMBINE_HIDPI_IMAGES = YES;
				GCC_GENERATE_DEBUGGING_SYMBOLS = YES;
				GCC_INLINES_ARE_PRIVATE_EXTERN = NO;
				GCC_OPTIMIZATION_LEVEL = 0;
				GCC_PREPROCESSOR_DEFINITIONS = (
					"'CMAKE_INTDIR=\"$(CONFIGURATION)$(EFFECTIVE_PLATFORM_NAME)\"'",
					"$(inherited)",
				);
				GCC_SYMBOLS_PRIVATE_EXTERN = NO;
				INSTALL_PATH = "";
				ONLY_ACTIVE_ARCH = NO;
				OTHER_LDFLAGS = " $(inherited)";
				OTHER_REZFLAGS = "";
				PRODUCT_NAME = ZERO_CHECK;
				SECTORDER_FLAGS = "";
				USE_HEADERMAP = NO;
				WARNING_CFLAGS = "$(inherited)";
			};
			name = MinSizeRel;
		};
		D46B045483124D5CBAA771BA /* MinSizeRel */ = {
			isa = XCBuildConfiguration;
			buildSettings = {
				ALWAYS_SEARCH_USER_PATHS = NO;
				ARCHS = arm64;
				COMBINE_HIDPI_IMAGES = YES;
				CONFIGURATION_BUILD_DIR = /Users/shiobara/Documents/jogotecprog/MinSizeRel;
				EXECUTABLE_PREFIX = "";
				EXECUTABLE_SUFFIX = "";
				GCC_GENERATE_DEBUGGING_SYMBOLS = NO;
				GCC_INLINES_ARE_PRIVATE_EXTERN = NO;
				GCC_OPTIMIZATION_LEVEL = s;
				GCC_PREPROCESSOR_DEFINITIONS = (
					"'CMAKE_INTDIR=\"$(CONFIGURATION)$(EFFECTIVE_PLATFORM_NAME)\"'",
					"$(inherited)",
				);
				GCC_SYMBOLS_PRIVATE_EXTERN = NO;
				HEADER_SEARCH_PATHS = (
					/Users/shiobara/Documents/jogotecprog/include,
					"$(inherited)",
				);
				INSTALL_PATH = "";
				LD_RUNPATH_SEARCH_PATHS = (
					/opt/homebrew/lib,
					"$(inherited)",
				);
				ONLY_ACTIVE_ARCH = NO;
				OTHER_CPLUSPLUSFLAGS = (
					"-DNDEBUG",
					"'-std=gnu++17'",
				);
				OTHER_LDFLAGS = (
					"-Wl,-search_paths_first",
					"-Wl,-headerpad_max_install_names",
					"/opt/homebrew/lib/libsfml-graphics.2.6.2.dylib",
					"/opt/homebrew/lib/libsfml-window.2.6.2.dylib",
					"/opt/homebrew/lib/libsfml-system.2.6.2.dylib",
					"$(inherited)",
				);
				OTHER_REZFLAGS = "";
				PRODUCT_NAME = main;
				SECTORDER_FLAGS = "";
				SYSTEM_HEADER_SEARCH_PATHS = (
					/opt/homebrew/include,
					"$(inherited)",
				);
				TARGET_TEMP_DIR = "/Users/shiobara/Documents/jogotecprog/build/main.build/$(CONFIGURATION)$(EFFECTIVE_PLATFORM_NAME)";
				USE_HEADERMAP = NO;
				WARNING_CFLAGS = "$(inherited)";
			};
			name = MinSizeRel;
		};
		D6E28A3C8556436CB4ABA93A /* RelWithDebInfo */ = {
			isa = XCBuildConfiguration;
			buildSettings = {
				ALWAYS_SEARCH_USER_PATHS = NO;
				ARCHS = arm64;
				COMBINE_HIDPI_IMAGES = YES;
				GCC_GENERATE_DEBUGGING_SYMBOLS = YES;
				GCC_INLINES_ARE_PRIVATE_EXTERN = NO;
				GCC_OPTIMIZATION_LEVEL = 0;
				GCC_PREPROCESSOR_DEFINITIONS = (
					"'CMAKE_INTDIR=\"$(CONFIGURATION)$(EFFECTIVE_PLATFORM_NAME)\"'",
					"$(inherited)",
				);
				GCC_SYMBOLS_PRIVATE_EXTERN = NO;
				INSTALL_PATH = "";
				ONLY_ACTIVE_ARCH = NO;
				OTHER_LDFLAGS = " $(inherited)";
				OTHER_REZFLAGS = "";
				PRODUCT_NAME = ZERO_CHECK;
				SECTORDER_FLAGS = "";
				USE_HEADERMAP = NO;
				WARNING_CFLAGS = "$(inherited)";
			};
			name = RelWithDebInfo;
		};
		ECC46A6DA2EF4698B00C4494 /* RelWithDebInfo */ = {
			isa = XCBuildConfiguration;
			buildSettings = {
				ALWAYS_SEARCH_USER_PATHS = NO;
				ARCHS = arm64;
				COMBINE_HIDPI_IMAGES = YES;
				GCC_GENERATE_DEBUGGING_SYMBOLS = YES;
				GCC_INLINES_ARE_PRIVATE_EXTERN = NO;
				GCC_OPTIMIZATION_LEVEL = 0;
				GCC_PREPROCESSOR_DEFINITIONS = (
					"'CMAKE_INTDIR=\"$(CONFIGURATION)$(EFFECTIVE_PLATFORM_NAME)\"'",
					"$(inherited)",
				);
				GCC_SYMBOLS_PRIVATE_EXTERN = NO;
				INSTALL_PATH = "";
				ONLY_ACTIVE_ARCH = NO;
				OTHER_LDFLAGS = " $(inherited)";
				OTHER_REZFLAGS = "";
				PRODUCT_NAME = ALL_BUILD;
				SECTORDER_FLAGS = "";
				USE_HEADERMAP = NO;
				WARNING_CFLAGS = "$(inherited)";
			};
			name = RelWithDebInfo;
		};
		FD3E64AD70EF46239949319E /* Release */ = {
			isa = XCBuildConfiguration;
			buildSettings = {
				ALWAYS_SEARCH_USER_PATHS = NO;
				ARCHS = arm64;
				COMBINE_HIDPI_IMAGES = YES;
				GCC_GENERATE_DEBUGGING_SYMBOLS = YES;
				GCC_INLINES_ARE_PRIVATE_EXTERN = NO;
				GCC_OPTIMIZATION_LEVEL = 0;
				GCC_PREPROCESSOR_DEFINITIONS = (
					"'CMAKE_INTDIR=\"$(CONFIGURATION)$(EFFECTIVE_PLATFORM_NAME)\"'",
					"$(inherited)",
				);
				GCC_SYMBOLS_PRIVATE_EXTERN = NO;
				INSTALL_PATH = "";
				ONLY_ACTIVE_ARCH = NO;
				OTHER_LDFLAGS = " $(inherited)";
				OTHER_REZFLAGS = "";
				PRODUCT_NAME = ZERO_CHECK;
				SECTORDER_FLAGS = "";
				USE_HEADERMAP = NO;
				WARNING_CFLAGS = "$(inherited)";
			};
			name = Release;
		};
/* End XCBuildConfiguration section */

/* Begin XCConfigurationList section */
		14260BAF414B4E50A4E706CA /* Build configuration list for PBXProject "Jogo" */ = {
			isa = XCConfigurationList;
			buildConfigurations = (
				30611DEAD0AD42D3B0B8B62C /* Debug */,
				75A8DBC2037F442B8D412C8B /* Release */,
				3F34EA6C49AB4B6187877FF9 /* MinSizeRel */,
				79D80583952D4C58B4D2336F /* RelWithDebInfo */,
			);
			defaultConfigurationIsVisible = 0;
			defaultConfigurationName = Debug;
		};
		48CBC2DE9E2B41AB8403EBC4 /* Build configuration list for PBXNativeTarget "main" */ = {
			isa = XCConfigurationList;
			buildConfigurations = (
				140B4A33936049FEBEEACFF7 /* Debug */,
				20997176E4A14E38A5A6EC27 /* Release */,
				D46B045483124D5CBAA771BA /* MinSizeRel */,
				8DA5E688C22C48E38669258E /* RelWithDebInfo */,
			);
			defaultConfigurationIsVisible = 0;
			defaultConfigurationName = Debug;
		};
		5A64CD89CC3C4DA18EB021B6 /* Build configuration list for PBXAggregateTarget "ZERO_CHECK" */ = {
			isa = XCConfigurationList;
			buildConfigurations = (
				66FD9B7259D148F68AC428BA /* Debug */,
				FD3E64AD70EF46239949319E /* Release */,
				D2FA54FD67BA4666A60EB6B3 /* MinSizeRel */,
				D6E28A3C8556436CB4ABA93A /* RelWithDebInfo */,
			);
			defaultConfigurationIsVisible = 0;
			defaultConfigurationName = Debug;
		};
		C376ED326E274C35BAEA46B1 /* Build configuration list for PBXAggregateTarget "ALL_BUILD" */ = {
			isa = XCConfigurationList;
			buildConfigurations = (
				767F68761EE44F8F889E2829 /* Debug */,
				25DCC66D7EE548BE933DEF35 /* Release */,
				C91ABF4C553343C6AABD807B /* MinSizeRel */,
				ECC46A6DA2EF4698B00C4494 /* RelWithDebInfo */,
			);
			defaultConfigurationIsVisible = 0;
			defaultConfigurationName = Debug;
		};
/* End XCConfigurationList section */
	};
	rootObject = 4A5CAE9EF9E94DDCA91C2994 /* Project object */;
}
